// !$*UTF8*$!
{
	archiveVersion = 1;
	classes = {
	};
	objectVersion = 77;
	objects = {

/* Begin PBXBuildFile section */
		3E4F2ABD2E10C50800BD7CFA /* gooddeedExtension.appex in New Copy Files Phase */ = {isa = PBXBuildFile; fileRef = 3E88F3E82E0F2F1A00499B14 /* gooddeedExtension.appex */; settings = {ATTRIBUTES = (RemoveHeadersOnCopy, ); }; };
		3E88F3C92E0F2BB000499B14 /* GoodDeedViewModel.swift in Sources */ = {isa = PBXBuildFile; fileRef = 3E88F3C02E0F2BB000499B14 /* GoodDeedViewModel.swift */; };
		3E88F3CD2E0F2BB000499B14 /* NotificationManager.swift in Sources */ = {isa = PBXBuildFile; fileRef = 3E88F3C52E0F2BB000499B14 /* NotificationManager.swift */; };
		3E88F3D02E0F2BB000499B14 /* GoodDeed.swift in Sources */ = {isa = PBXBuildFile; fileRef = 3E88F3BE2E0F2BB000499B14 /* GoodDeed.swift */; };
		3E88F3F82E0F36AB00499B14 /* GoodDeedViewModel.swift in Sources */ = {isa = PBXBuildFile; fileRef = 3E88F3C02E0F2BB000499B14 /* GoodDeedViewModel.swift */; };
		3E88F3F92E0F36AB00499B14 /* GoodDeedViewModel.swift in Sources */ = {isa = PBXBuildFile; fileRef = 3E88F3C02E0F2BB000499B14 /* GoodDeedViewModel.swift */; };
		3E88F3FC2E0F388200499B14 /* NotificationManager.swift in Sources */ = {isa = PBXBuildFile; fileRef = 3E88F3C52E0F2BB000499B14 /* NotificationManager.swift */; };
		3E88F3FD2E0F388200499B14 /* NotificationManager.swift in Sources */ = {isa = PBXBuildFile; fileRef = 3E88F3C52E0F2BB000499B14 /* NotificationManager.swift */; };
		3E88F3FE2E0F388D00499B14 /* GoodDeed.swift in Sources */ = {isa = PBXBuildFile; fileRef = 3E88F3BE2E0F2BB000499B14 /* GoodDeed.swift */; };
		3E88F3FF2E0F388D00499B14 /* GoodDeed.swift in Sources */ = {isa = PBXBuildFile; fileRef = 3E88F3BE2E0F2BB000499B14 /* GoodDeed.swift */; };
		3E940F9C2E2FE196007D42CD /* DeedSource.swift in Sources */ = {isa = PBXBuildFile; fileRef = 3E940F9A2E2FE193007D42CD /* DeedSource.swift */; };
		3E940F9D2E2FE196007D42CD /* DeedSource.swift in Sources */ = {isa = PBXBuildFile; fileRef = 3E940F9A2E2FE193007D42CD /* DeedSource.swift */; };
		3E940FA12E2FE444007D42CD /* DeedSource.swift in Sources */ = {isa = PBXBuildFile; fileRef = 3E940F9A2E2FE193007D42CD /* DeedSource.swift */; };
		3E940FB42E2FF09F007D42CD /* Assets.xcassets in Resources */ = {isa = PBXBuildFile; fileRef = 3E940FAF2E2FF09F007D42CD /* Assets.xcassets */; };
		3E940FB52E2FF09F007D42CD /* WatchContentView.swift in Sources */ = {isa = PBXBuildFile; fileRef = 3E940FB22E2FF09F007D42CD /* WatchContentView.swift */; };
		3E940FB62E2FF09F007D42CD /* gooddeedswatchApp.swift in Sources */ = {isa = PBXBuildFile; fileRef = 3E940FB12E2FF09F007D42CD /* gooddeedswatchApp.swift */; };
		3EA8B19F2E0F274E005308F3 /* gooddeedswatch Watch App.app in Embed Watch Content */ = {isa = PBXBuildFile; fileRef = 3EA8B17F2E0F274B005308F3 /* gooddeedswatch Watch App.app */; settings = {ATTRIBUTES = (RemoveHeadersOnCopy, ); }; };
		3EBC42B82E0EEE4400C6A23F /* XCTest.framework in Frameworks */ = {isa = PBXBuildFile; fileRef = 3EBC42B72E0EEE4400C6A23F /* XCTest.framework */; platformFilter = ios; };
		3EBC6AED2E2A53B900EC0153 /* ConnectivityManager.swift in Sources */ = {isa = PBXBuildFile; fileRef = 3EBC6AEC2E2A53B900EC0153 /* ConnectivityManager.swift */; };
		3EBC6AEE2E2A53B900EC0153 /* ConnectivityManager.swift in Sources */ = {isa = PBXBuildFile; fileRef = 3EBC6AEC2E2A53B900EC0153 /* ConnectivityManager.swift */; };
		3EBC6AEF2E2A53B900EC0153 /* ConnectivityManager.swift in Sources */ = {isa = PBXBuildFile; fileRef = 3EBC6AEC2E2A53B900EC0153 /* ConnectivityManager.swift */; };
		3EBC6AF12E2A53C400EC0153 /* Notification+Extension.swift in Sources */ = {isa = PBXBuildFile; fileRef = 3EBC6AF02E2A53C400EC0153 /* Notification+Extension.swift */; };
		3EBC6AF22E2A53C400EC0153 /* Notification+Extension.swift in Sources */ = {isa = PBXBuildFile; fileRef = 3EBC6AF02E2A53C400EC0153 /* Notification+Extension.swift */; };
		3EBC6AF32E2A53C400EC0153 /* Notification+Extension.swift in Sources */ = {isa = PBXBuildFile; fileRef = 3EBC6AF02E2A53C400EC0153 /* Notification+Extension.swift */; };
		3EBD4F652E2FF7E200D30679 /* gooddeedswatchApp.entitlements in Resources */ = {isa = PBXBuildFile; fileRef = 3EBD4F642E2FF5E100D30679 /* gooddeedswatchApp.entitlements */; };
		3EEB52A92E2686E500C24A18 /* UserDefaults+AppGroup.swift in Sources */ = {isa = PBXBuildFile; fileRef = 3EEB52A72E2686DC00C24A18 /* UserDefaults+AppGroup.swift */; };
		3EEB52AA2E2686E500C24A18 /* UserDefaults+AppGroup.swift in Sources */ = {isa = PBXBuildFile; fileRef = 3EEB52A72E2686DC00C24A18 /* UserDefaults+AppGroup.swift */; };
		3EEB52AB2E26910B00C24A18 /* UserDefaults+AppGroup.swift in Sources */ = {isa = PBXBuildFile; fileRef = 3EEB52A72E2686DC00C24A18 /* UserDefaults+AppGroup.swift */; };
/* End PBXBuildFile section */

/* Begin PBXContainerItemProxy section */
		3E88F3EF2E0F2F1B00499B14 /* PBXContainerItemProxy */ = {
			isa = PBXContainerItemProxy;
			containerPortal = 3EAF387F2DE26243003A8DED /* Project object */;
			proxyType = 1;
			remoteGlobalIDString = 3E88F3E72E0F2F1A00499B14;
			remoteInfo = gooddeedExtension;
		};
		3EA8B18C2E0F274E005308F3 /* PBXContainerItemProxy */ = {
			isa = PBXContainerItemProxy;
			containerPortal = 3EAF387F2DE26243003A8DED /* Project object */;
			proxyType = 1;
			remoteGlobalIDString = 3EA8B17E2E0F274B005308F3;
			remoteInfo = "gooddeedswatch Watch App";
		};
		3EA8B1962E0F274E005308F3 /* PBXContainerItemProxy */ = {
			isa = PBXContainerItemProxy;
			containerPortal = 3EAF387F2DE26243003A8DED /* Project object */;
			proxyType = 1;
			remoteGlobalIDString = 3EA8B17E2E0F274B005308F3;
			remoteInfo = "gooddeedswatch Watch App";
		};
		3EA8B19D2E0F274E005308F3 /* PBXContainerItemProxy */ = {
			isa = PBXContainerItemProxy;
			containerPortal = 3EAF387F2DE26243003A8DED /* Project object */;
			proxyType = 1;
			remoteGlobalIDString = 3EA8B17E2E0F274B005308F3;
			remoteInfo = "gooddeedswatch Watch App";
		};
		3EBC42AF2E0EEC7600C6A23F /* PBXContainerItemProxy */ = {
			isa = PBXContainerItemProxy;
			containerPortal = 3EAF387F2DE26243003A8DED /* Project object */;
			proxyType = 1;
			remoteGlobalIDString = 3EAF38862DE26243003A8DED;
			remoteInfo = gooddeed;
		};
/* End PBXContainerItemProxy section */

/* Begin PBXCopyFilesBuildPhase section */
		3E4F2ABA2E10C28100BD7CFA /* New Copy Files Phase */ = {
			isa = PBXCopyFilesBuildPhase;
			buildActionMask = 8;
			dstPath = "";
			dstSubfolderSpec = 13;
			files = (
				3E4F2ABD2E10C50800BD7CFA /* gooddeedExtension.appex in New Copy Files Phase */,
			);
			name = "New Copy Files Phase";
			runOnlyForDeploymentPostprocessing = 1;
		};
		3E88F3F22E0F2F1B00499B14 /* Embed ExtensionKit Extensions */ = {
			isa = PBXCopyFilesBuildPhase;
			buildActionMask = 2147483647;
			dstPath = "$(EXTENSIONS_FOLDER_PATH)";
			dstSubfolderSpec = 16;
			files = (
			);
			name = "Embed ExtensionKit Extensions";
			runOnlyForDeploymentPostprocessing = 0;
		};
		3EA8B1A02E0F274E005308F3 /* Embed Watch Content */ = {
			isa = PBXCopyFilesBuildPhase;
			buildActionMask = 2147483647;
			dstPath = "$(CONTENTS_FOLDER_PATH)/Watch";
			dstSubfolderSpec = 16;
			files = (
				3EA8B19F2E0F274E005308F3 /* gooddeedswatch Watch App.app in Embed Watch Content */,
			);
			name = "Embed Watch Content";
			runOnlyForDeploymentPostprocessing = 0;
		};
/* End PBXCopyFilesBuildPhase section */

/* Begin PBXFileReference section */
		3E88F3BE2E0F2BB000499B14 /* GoodDeed.swift */ = {isa = PBXFileReference; lastKnownFileType = sourcecode.swift; path = GoodDeed.swift; sourceTree = "<group>"; };
		3E88F3C02E0F2BB000499B14 /* GoodDeedViewModel.swift */ = {isa = PBXFileReference; lastKnownFileType = sourcecode.swift; path = GoodDeedViewModel.swift; sourceTree = "<group>"; };
		3E88F3C52E0F2BB000499B14 /* NotificationManager.swift */ = {isa = PBXFileReference; lastKnownFileType = sourcecode.swift; path = NotificationManager.swift; sourceTree = "<group>"; };
		3E88F3E82E0F2F1A00499B14 /* gooddeedExtension.appex */ = {isa = PBXFileReference; explicitFileType = "wrapper.extensionkit-extension"; includeInIndex = 0; path = gooddeedExtension.appex; sourceTree = BUILT_PRODUCTS_DIR; };
		3E940F9A2E2FE193007D42CD /* DeedSource.swift */ = {isa = PBXFileReference; lastKnownFileType = sourcecode.swift; path = DeedSource.swift; sourceTree = "<group>"; };
		3E940FAF2E2FF09F007D42CD /* Assets.xcassets */ = {isa = PBXFileReference; lastKnownFileType = folder.assetcatalog; path = Assets.xcassets; sourceTree = "<group>"; };
		3E940FB12E2FF09F007D42CD /* gooddeedswatchApp.swift */ = {isa = PBXFileReference; lastKnownFileType = sourcecode.swift; path = gooddeedswatchApp.swift; sourceTree = "<group>"; };
		3E940FB22E2FF09F007D42CD /* WatchContentView.swift */ = {isa = PBXFileReference; lastKnownFileType = sourcecode.swift; path = WatchContentView.swift; sourceTree = "<group>"; };
		3EA8B17F2E0F274B005308F3 /* gooddeedswatch Watch App.app */ = {isa = PBXFileReference; explicitFileType = wrapper.application; includeInIndex = 0; path = "gooddeedswatch Watch App.app"; sourceTree = BUILT_PRODUCTS_DIR; };
		3EA8B18B2E0F274E005308F3 /* gooddeedswatch Watch AppTests.xctest */ = {isa = PBXFileReference; explicitFileType = wrapper.cfbundle; includeInIndex = 0; path = "gooddeedswatch Watch AppTests.xctest"; sourceTree = BUILT_PRODUCTS_DIR; };
		3EA8B1952E0F274E005308F3 /* gooddeedswatch Watch AppUITests.xctest */ = {isa = PBXFileReference; explicitFileType = wrapper.cfbundle; includeInIndex = 0; path = "gooddeedswatch Watch AppUITests.xctest"; sourceTree = BUILT_PRODUCTS_DIR; };
		3EAF38872DE26243003A8DED /* gooddeed.app */ = {isa = PBXFileReference; explicitFileType = wrapper.application; includeInIndex = 0; path = gooddeed.app; sourceTree = BUILT_PRODUCTS_DIR; };
		3EBC42AB2E0EEC7600C6A23F /* GoodDeedTests.xctest */ = {isa = PBXFileReference; explicitFileType = wrapper.cfbundle; includeInIndex = 0; path = GoodDeedTests.xctest; sourceTree = BUILT_PRODUCTS_DIR; };
		3EBC42B72E0EEE4400C6A23F /* XCTest.framework */ = {isa = PBXFileReference; lastKnownFileType = wrapper.framework; name = XCTest.framework; path = Platforms/iPhoneOS.platform/Developer/Library/Frameworks/XCTest.framework; sourceTree = DEVELOPER_DIR; };
		3EBC6AEC2E2A53B900EC0153 /* ConnectivityManager.swift */ = {isa = PBXFileReference; lastKnownFileType = sourcecode.swift; path = ConnectivityManager.swift; sourceTree = "<group>"; };
		3EBC6AF02E2A53C400EC0153 /* Notification+Extension.swift */ = {isa = PBXFileReference; lastKnownFileType = sourcecode.swift; path = "Notification+Extension.swift"; sourceTree = "<group>"; };
		3EBD4F642E2FF5E100D30679 /* gooddeedswatchApp.entitlements */ = {isa = PBXFileReference; explicitFileType = text.plist.xml; path = gooddeedswatchApp.entitlements; sourceTree = "<group>"; };
		3EEB52A72E2686DC00C24A18 /* UserDefaults+AppGroup.swift */ = {isa = PBXFileReference; lastKnownFileType = sourcecode.swift; path = "UserDefaults+AppGroup.swift"; sourceTree = "<group>"; };
/* End PBXFileReference section */

/* Begin PBXFileSystemSynchronizedBuildFileExceptionSet section */
		3E85647B2E2AC1AC00E95DD3 /* Exceptions for "gooddeedExtension" folder in "gooddeedswatch Watch App" target */ = {
			isa = PBXFileSystemSynchronizedBuildFileExceptionSet;
			membershipExceptions = (
				WatchConnectivityManager.swift,
				WatchIntroView.swift,
			);
			target = 3EA8B17E2E0F274B005308F3 /* gooddeedswatch Watch App */;
		};
		3E88F43F2E10C1BF00499B14 /* Exceptions for "gooddeedExtension" folder in "gooddeedExtension" target */ = {
			isa = PBXFileSystemSynchronizedBuildFileExceptionSet;
			membershipExceptions = (
				Info.plist,
				WatchConnectivityManager.swift,
			);
			target = 3E88F3E72E0F2F1A00499B14 /* gooddeedExtension */;
		};
		3EAA37C72E30062B0041FD1F /* Exceptions for "gooddeed" folder in "gooddeed" target */ = {
			isa = PBXFileSystemSynchronizedBuildFileExceptionSet;
			membershipExceptions = (
				Info.plist,
			);
			target = 3EAF38862DE26243003A8DED /* gooddeed */;
		};
/* End PBXFileSystemSynchronizedBuildFileExceptionSet section */

/* Begin PBXFileSystemSynchronizedRootGroup section */
		3E88F3E92E0F2F1A00499B14 /* gooddeedExtension */ = {
			isa = PBXFileSystemSynchronizedRootGroup;
			exceptions = (
				3E85647B2E2AC1AC00E95DD3 /* Exceptions for "gooddeedExtension" folder in "gooddeedswatch Watch App" target */,
				3E88F43F2E10C1BF00499B14 /* Exceptions for "gooddeedExtension" folder in "gooddeedExtension" target */,
			);
			path = gooddeedExtension;
			sourceTree = "<group>";
		};
		3EA8B18E2E0F274E005308F3 /* gooddeedswatch Watch AppTests */ = {
			isa = PBXFileSystemSynchronizedRootGroup;
			path = "gooddeedswatch Watch AppTests";
			sourceTree = "<group>";
		};
		3EA8B1982E0F274E005308F3 /* gooddeedswatch Watch AppUITests */ = {
			isa = PBXFileSystemSynchronizedRootGroup;
			path = "gooddeedswatch Watch AppUITests";
			sourceTree = "<group>";
		};
		3EAF38892DE26243003A8DED /* gooddeed */ = {
			isa = PBXFileSystemSynchronizedRootGroup;
			exceptions = (
				3EAA37C72E30062B0041FD1F /* Exceptions for "gooddeed" folder in "gooddeed" target */,
			);
			path = gooddeed;
			sourceTree = "<group>";
		};
		3EBC42AC2E0EEC7600C6A23F /* GoodDeedTests */ = {
			isa = PBXFileSystemSynchronizedRootGroup;
			path = GoodDeedTests;
			sourceTree = "<group>";
		};
/* End PBXFileSystemSynchronizedRootGroup section */

/* Begin PBXFrameworksBuildPhase section */
		3E88F3E52E0F2F1A00499B14 /* Frameworks */ = {
			isa = PBXFrameworksBuildPhase;
			buildActionMask = 2147483647;
			files = (
			);
			runOnlyForDeploymentPostprocessing = 0;
		};
		3EA8B17C2E0F274B005308F3 /* Frameworks */ = {
			isa = PBXFrameworksBuildPhase;
			buildActionMask = 2147483647;
			files = (
			);
			runOnlyForDeploymentPostprocessing = 0;
		};
		3EA8B1882E0F274E005308F3 /* Frameworks */ = {
			isa = PBXFrameworksBuildPhase;
			buildActionMask = 2147483647;
			files = (
			);
			runOnlyForDeploymentPostprocessing = 0;
		};
		3EA8B1922E0F274E005308F3 /* Frameworks */ = {
			isa = PBXFrameworksBuildPhase;
			buildActionMask = 2147483647;
			files = (
			);
			runOnlyForDeploymentPostprocessing = 0;
		};
		3EAF38842DE26243003A8DED /* Frameworks */ = {
			isa = PBXFrameworksBuildPhase;
			buildActionMask = 2147483647;
			files = (
			);
			runOnlyForDeploymentPostprocessing = 0;
		};
		3EBC42A82E0EEC7600C6A23F /* Frameworks */ = {
			isa = PBXFrameworksBuildPhase;
			buildActionMask = 2147483647;
			files = (
				3EBC42B82E0EEE4400C6A23F /* XCTest.framework in Frameworks */,
			);
			runOnlyForDeploymentPostprocessing = 0;
		};
/* End PBXFrameworksBuildPhase section */

/* Begin PBXGroup section */
		3E88F3F72E0F339300499B14 /* shared */ = {
			isa = PBXGroup;
			children = (
				3E940F9A2E2FE193007D42CD /* DeedSource.swift */,
				3EEB52A72E2686DC00C24A18 /* UserDefaults+AppGroup.swift */,
				3E88F3C52E0F2BB000499B14 /* NotificationManager.swift */,
				3E88F3C02E0F2BB000499B14 /* GoodDeedViewModel.swift */,
				3E88F3BE2E0F2BB000499B14 /* GoodDeed.swift */,
				3EBC6AEC2E2A53B900EC0153 /* ConnectivityManager.swift */,
				3EBC6AF02E2A53C400EC0153 /* Notification+Extension.swift */,
			);
			path = shared;
			sourceTree = "<group>";
		};
		3E940FB32E2FF09F007D42CD /* gooddeedswatchApp */ = {
			isa = PBXGroup;
			children = (
				3E940FAF2E2FF09F007D42CD /* Assets.xcassets */,
				3E940FB12E2FF09F007D42CD /* gooddeedswatchApp.swift */,
				3E940FB22E2FF09F007D42CD /* WatchContentView.swift */,
				3EBD4F642E2FF5E100D30679 /* gooddeedswatchApp.entitlements */,
			);
			path = gooddeedswatchApp;
			sourceTree = "<group>";
		};
		3EAF387E2DE26243003A8DED = {
			isa = PBXGroup;
			children = (
				3E88F3F72E0F339300499B14 /* shared */,
				3EAF38892DE26243003A8DED /* gooddeed */,
				3EBC42AC2E0EEC7600C6A23F /* GoodDeedTests */,
				3E940FB32E2FF09F007D42CD /* gooddeedswatchApp */,
				3EA8B18E2E0F274E005308F3 /* gooddeedswatch Watch AppTests */,
				3EA8B1982E0F274E005308F3 /* gooddeedswatch Watch AppUITests */,
				3E88F3E92E0F2F1A00499B14 /* gooddeedExtension */,
				3EBC42B62E0EEE4400C6A23F /* Frameworks */,
				3EAF38882DE26243003A8DED /* Products */,
			);
			sourceTree = "<group>";
		};
		3EAF38882DE26243003A8DED /* Products */ = {
			isa = PBXGroup;
			children = (
				3EAF38872DE26243003A8DED /* gooddeed.app */,
				3EBC42AB2E0EEC7600C6A23F /* GoodDeedTests.xctest */,
				3EA8B17F2E0F274B005308F3 /* gooddeedswatch Watch App.app */,
				3EA8B18B2E0F274E005308F3 /* gooddeedswatch Watch AppTests.xctest */,
				3EA8B1952E0F274E005308F3 /* gooddeedswatch Watch AppUITests.xctest */,
				3E88F3E82E0F2F1A00499B14 /* gooddeedExtension.appex */,
			);
			name = Products;
			sourceTree = "<group>";
		};
		3EBC42B62E0EEE4400C6A23F /* Frameworks */ = {
			isa = PBXGroup;
			children = (
				3EBC42B72E0EEE4400C6A23F /* XCTest.framework */,
			);
			name = Frameworks;
			sourceTree = "<group>";
		};
/* End PBXGroup section */

/* Begin PBXNativeTarget section */
		3E88F3E72E0F2F1A00499B14 /* gooddeedExtension */ = {
			isa = PBXNativeTarget;
			buildConfigurationList = 3E88F3F52E0F2F1B00499B14 /* Build configuration list for PBXNativeTarget "gooddeedExtension" */;
			buildPhases = (
				3E88F3E42E0F2F1A00499B14 /* Sources */,
				3E88F3E52E0F2F1A00499B14 /* Frameworks */,
				3E88F3E62E0F2F1A00499B14 /* Resources */,
			);
			buildRules = (
			);
			dependencies = (
			);
			fileSystemSynchronizedGroups = (
				3E88F3E92E0F2F1A00499B14 /* gooddeedExtension */,
			);
			name = gooddeedExtension;
			packageProductDependencies = (
			);
			productName = gooddeedExtension;
			productReference = 3E88F3E82E0F2F1A00499B14 /* gooddeedExtension.appex */;
			productType = "com.apple.product-type.extensionkit-extension";
		};
		3EA8B17E2E0F274B005308F3 /* gooddeedswatch Watch App */ = {
			isa = PBXNativeTarget;
			buildConfigurationList = 3EA8B1A72E0F274E005308F3 /* Build configuration list for PBXNativeTarget "gooddeedswatch Watch App" */;
			buildPhases = (
				3EA8B17B2E0F274B005308F3 /* Sources */,
				3EA8B17C2E0F274B005308F3 /* Frameworks */,
				3EA8B17D2E0F274B005308F3 /* Resources */,
				3E88F3F22E0F2F1B00499B14 /* Embed ExtensionKit Extensions */,
				3E4F2ABA2E10C28100BD7CFA /* New Copy Files Phase */,
			);
			buildRules = (
			);
			dependencies = (
				3E88F3F02E0F2F1B00499B14 /* PBXTargetDependency */,
			);
			name = "gooddeedswatch Watch App";
			packageProductDependencies = (
			);
			productName = "gooddeedswatch Watch App";
			productReference = 3EA8B17F2E0F274B005308F3 /* gooddeedswatch Watch App.app */;
			productType = "com.apple.product-type.application";
		};
		3EA8B18A2E0F274E005308F3 /* gooddeedswatch Watch AppTests */ = {
			isa = PBXNativeTarget;
			buildConfigurationList = 3EA8B1A82E0F274E005308F3 /* Build configuration list for PBXNativeTarget "gooddeedswatch Watch AppTests" */;
			buildPhases = (
				3EA8B1872E0F274E005308F3 /* Sources */,
				3EA8B1882E0F274E005308F3 /* Frameworks */,
				3EA8B1892E0F274E005308F3 /* Resources */,
			);
			buildRules = (
			);
			dependencies = (
				3EA8B18D2E0F274E005308F3 /* PBXTargetDependency */,
			);
			fileSystemSynchronizedGroups = (
				3EA8B18E2E0F274E005308F3 /* gooddeedswatch Watch AppTests */,
			);
			name = "gooddeedswatch Watch AppTests";
			packageProductDependencies = (
			);
			productName = "gooddeedswatch Watch AppTests";
			productReference = 3EA8B18B2E0F274E005308F3 /* gooddeedswatch Watch AppTests.xctest */;
			productType = "com.apple.product-type.bundle.unit-test";
		};
		3EA8B1942E0F274E005308F3 /* gooddeedswatch Watch AppUITests */ = {
			isa = PBXNativeTarget;
			buildConfigurationList = 3EA8B1A92E0F274E005308F3 /* Build configuration list for PBXNativeTarget "gooddeedswatch Watch AppUITests" */;
			buildPhases = (
				3EA8B1912E0F274E005308F3 /* Sources */,
				3EA8B1922E0F274E005308F3 /* Frameworks */,
				3EA8B1932E0F274E005308F3 /* Resources */,
			);
			buildRules = (
			);
			dependencies = (
				3EA8B1972E0F274E005308F3 /* PBXTargetDependency */,
			);
			fileSystemSynchronizedGroups = (
				3EA8B1982E0F274E005308F3 /* gooddeedswatch Watch AppUITests */,
			);
			name = "gooddeedswatch Watch AppUITests";
			packageProductDependencies = (
			);
			productName = "gooddeedswatch Watch AppUITests";
			productReference = 3EA8B1952E0F274E005308F3 /* gooddeedswatch Watch AppUITests.xctest */;
			productType = "com.apple.product-type.bundle.ui-testing";
		};
		3EAF38862DE26243003A8DED /* gooddeed */ = {
			isa = PBXNativeTarget;
			buildConfigurationList = 3EAF38922DE26246003A8DED /* Build configuration list for PBXNativeTarget "gooddeed" */;
			buildPhases = (
				3EAF38832DE26243003A8DED /* Sources */,
				3EAF38842DE26243003A8DED /* Frameworks */,
				3EAF38852DE26243003A8DED /* Resources */,
				3EA8B1A02E0F274E005308F3 /* Embed Watch Content */,
			);
			buildRules = (
			);
			dependencies = (
				3EA8B19E2E0F274E005308F3 /* PBXTargetDependency */,
			);
			fileSystemSynchronizedGroups = (
				3EAF38892DE26243003A8DED /* gooddeed */,
			);
			name = gooddeed;
			packageProductDependencies = (
			);
			productName = gooddeed;
			productReference = 3EAF38872DE26243003A8DED /* gooddeed.app */;
			productType = "com.apple.product-type.application";
		};
		3EBC42AA2E0EEC7600C6A23F /* GoodDeedTests */ = {
			isa = PBXNativeTarget;
			buildConfigurationList = 3EBC42B12E0EEC7600C6A23F /* Build configuration list for PBXNativeTarget "GoodDeedTests" */;
			buildPhases = (
				3EBC42A72E0EEC7600C6A23F /* Sources */,
				3EBC42A82E0EEC7600C6A23F /* Frameworks */,
				3EBC42A92E0EEC7600C6A23F /* Resources */,
			);
			buildRules = (
			);
			dependencies = (
				3EBC42B02E0EEC7600C6A23F /* PBXTargetDependency */,
			);
			fileSystemSynchronizedGroups = (
				3EBC42AC2E0EEC7600C6A23F /* GoodDeedTests */,
			);
			name = GoodDeedTests;
			packageProductDependencies = (
			);
			productName = GoodDeedTests;
			productReference = 3EBC42AB2E0EEC7600C6A23F /* GoodDeedTests.xctest */;
			productType = "com.apple.product-type.bundle.unit-test";
		};
/* End PBXNativeTarget section */

/* Begin PBXProject section */
		3EAF387F2DE26243003A8DED /* Project object */ = {
			isa = PBXProject;
			attributes = {
				BuildIndependentTargetsInParallel = 1;
				LastSwiftUpdateCheck = 1630;
				LastUpgradeCheck = 1630;
				TargetAttributes = {
					3E88F3E72E0F2F1A00499B14 = {
						CreatedOnToolsVersion = 16.3;
					};
					3EA8B17E2E0F274B005308F3 = {
						CreatedOnToolsVersion = 16.3;
					};
					3EA8B18A2E0F274E005308F3 = {
						CreatedOnToolsVersion = 16.3;
						TestTargetID = 3EA8B17E2E0F274B005308F3;
					};
					3EA8B1942E0F274E005308F3 = {
						CreatedOnToolsVersion = 16.3;
						TestTargetID = 3EA8B17E2E0F274B005308F3;
					};
					3EAF38862DE26243003A8DED = {
						CreatedOnToolsVersion = 16.3;
					};
					3EBC42AA2E0EEC7600C6A23F = {
						CreatedOnToolsVersion = 16.3;
						TestTargetID = 3EAF38862DE26243003A8DED;
					};
				};
			};
			buildConfigurationList = 3EAF38822DE26243003A8DED /* Build configuration list for PBXProject "gooddeed" */;
			developmentRegion = en;
			hasScannedForEncodings = 0;
			knownRegions = (
				en,
				Base,
			);
			mainGroup = 3EAF387E2DE26243003A8DED;
			minimizedProjectReferenceProxies = 1;
			packageReferences = (
			);
			preferredProjectObjectVersion = 77;
			productRefGroup = 3EAF38882DE26243003A8DED /* Products */;
			projectDirPath = "";
			projectRoot = "";
			targets = (
				3EAF38862DE26243003A8DED /* gooddeed */,
				3EBC42AA2E0EEC7600C6A23F /* GoodDeedTests */,
				3EA8B17E2E0F274B005308F3 /* gooddeedswatch Watch App */,
				3EA8B18A2E0F274E005308F3 /* gooddeedswatch Watch AppTests */,
				3EA8B1942E0F274E005308F3 /* gooddeedswatch Watch AppUITests */,
				3E88F3E72E0F2F1A00499B14 /* gooddeedExtension */,
			);
		};
/* End PBXProject section */

/* Begin PBXResourcesBuildPhase section */
		3E88F3E62E0F2F1A00499B14 /* Resources */ = {
			isa = PBXResourcesBuildPhase;
			buildActionMask = 2147483647;
			files = (
			);
			runOnlyForDeploymentPostprocessing = 0;
		};
		3EA8B17D2E0F274B005308F3 /* Resources */ = {
			isa = PBXResourcesBuildPhase;
			buildActionMask = 2147483647;
			files = (
				3EBD4F652E2FF7E200D30679 /* gooddeedswatchApp.entitlements in Resources */,
				3E940FB42E2FF09F007D42CD /* Assets.xcassets in Resources */,
			);
			runOnlyForDeploymentPostprocessing = 0;
		};
		3EA8B1892E0F274E005308F3 /* Resources */ = {
			isa = PBXResourcesBuildPhase;
			buildActionMask = 2147483647;
			files = (
			);
			runOnlyForDeploymentPostprocessing = 0;
		};
		3EA8B1932E0F274E005308F3 /* Resources */ = {
			isa = PBXResourcesBuildPhase;
			buildActionMask = 2147483647;
			files = (
			);
			runOnlyForDeploymentPostprocessing = 0;
		};
		3EAF38852DE26243003A8DED /* Resources */ = {
			isa = PBXResourcesBuildPhase;
			buildActionMask = 2147483647;
			files = (
			);
			runOnlyForDeploymentPostprocessing = 0;
		};
		3EBC42A92E0EEC7600C6A23F /* Resources */ = {
			isa = PBXResourcesBuildPhase;
			buildActionMask = 2147483647;
			files = (
			);
			runOnlyForDeploymentPostprocessing = 0;
		};
/* End PBXResourcesBuildPhase section */

/* Begin PBXSourcesBuildPhase section */
		3E88F3E42E0F2F1A00499B14 /* Sources */ = {
			isa = PBXSourcesBuildPhase;
			buildActionMask = 2147483647;
			files = (
				3E88F3FF2E0F388D00499B14 /* GoodDeed.swift in Sources */,
				3EEB52A92E2686E500C24A18 /* UserDefaults+AppGroup.swift in Sources */,
				3E88F3FD2E0F388200499B14 /* NotificationManager.swift in Sources */,
				3E88F3F92E0F36AB00499B14 /* GoodDeedViewModel.swift in Sources */,
				3EBC6AF12E2A53C400EC0153 /* Notification+Extension.swift in Sources */,
				3EBC6AEE2E2A53B900EC0153 /* ConnectivityManager.swift in Sources */,
				3E940FA12E2FE444007D42CD /* DeedSource.swift in Sources */,
			);
			runOnlyForDeploymentPostprocessing = 0;
		};
		3EA8B17B2E0F274B005308F3 /* Sources */ = {
			isa = PBXSourcesBuildPhase;
			buildActionMask = 2147483647;
			files = (
				3EBC6AED2E2A53B900EC0153 /* ConnectivityManager.swift in Sources */,
				3E88F3FE2E0F388D00499B14 /* GoodDeed.swift in Sources */,
				3E940FB52E2FF09F007D42CD /* WatchContentView.swift in Sources */,
				3E940FB62E2FF09F007D42CD /* gooddeedswatchApp.swift in Sources */,
				3E88F3FC2E0F388200499B14 /* NotificationManager.swift in Sources */,
				3EBC6AF22E2A53C400EC0153 /* Notification+Extension.swift in Sources */,
				3EEB52AB2E26910B00C24A18 /* UserDefaults+AppGroup.swift in Sources */,
				3E940F9D2E2FE196007D42CD /* DeedSource.swift in Sources */,
				3E88F3F82E0F36AB00499B14 /* GoodDeedViewModel.swift in Sources */,
			);
			runOnlyForDeploymentPostprocessing = 0;
		};
		3EA8B1872E0F274E005308F3 /* Sources */ = {
			isa = PBXSourcesBuildPhase;
			buildActionMask = 2147483647;
			files = (
			);
			runOnlyForDeploymentPostprocessing = 0;
		};
		3EA8B1912E0F274E005308F3 /* Sources */ = {
			isa = PBXSourcesBuildPhase;
			buildActionMask = 2147483647;
			files = (
			);
			runOnlyForDeploymentPostprocessing = 0;
		};
		3EAF38832DE26243003A8DED /* Sources */ = {
			isa = PBXSourcesBuildPhase;
			buildActionMask = 2147483647;
			files = (
				3E88F3C92E0F2BB000499B14 /* GoodDeedViewModel.swift in Sources */,
				3E88F3CD2E0F2BB000499B14 /* NotificationManager.swift in Sources */,
				3EBC6AF32E2A53C400EC0153 /* Notification+Extension.swift in Sources */,
				3EEB52AA2E2686E500C24A18 /* UserDefaults+AppGroup.swift in Sources */,
				3E88F3D02E0F2BB000499B14 /* GoodDeed.swift in Sources */,
				3EBC6AEF2E2A53B900EC0153 /* ConnectivityManager.swift in Sources */,
				3E940F9C2E2FE196007D42CD /* DeedSource.swift in Sources */,
			);
			runOnlyForDeploymentPostprocessing = 0;
		};
		3EBC42A72E0EEC7600C6A23F /* Sources */ = {
			isa = PBXSourcesBuildPhase;
			buildActionMask = 2147483647;
			files = (
			);
			runOnlyForDeploymentPostprocessing = 0;
		};
/* End PBXSourcesBuildPhase section */

/* Begin PBXTargetDependency section */
		3E88F3F02E0F2F1B00499B14 /* PBXTargetDependency */ = {
			isa = PBXTargetDependency;
			target = 3E88F3E72E0F2F1A00499B14 /* gooddeedExtension */;
			targetProxy = 3E88F3EF2E0F2F1B00499B14 /* PBXContainerItemProxy */;
		};
		3EA8B18D2E0F274E005308F3 /* PBXTargetDependency */ = {
			isa = PBXTargetDependency;
			target = 3EA8B17E2E0F274B005308F3 /* gooddeedswatch Watch App */;
			targetProxy = 3EA8B18C2E0F274E005308F3 /* PBXContainerItemProxy */;
		};
		3EA8B1972E0F274E005308F3 /* PBXTargetDependency */ = {
			isa = PBXTargetDependency;
			target = 3EA8B17E2E0F274B005308F3 /* gooddeedswatch Watch App */;
			targetProxy = 3EA8B1962E0F274E005308F3 /* PBXContainerItemProxy */;
		};
		3EA8B19E2E0F274E005308F3 /* PBXTargetDependency */ = {
			isa = PBXTargetDependency;
			target = 3EA8B17E2E0F274B005308F3 /* gooddeedswatch Watch App */;
			targetProxy = 3EA8B19D2E0F274E005308F3 /* PBXContainerItemProxy */;
		};
		3EBC42B02E0EEC7600C6A23F /* PBXTargetDependency */ = {
			isa = PBXTargetDependency;
			target = 3EAF38862DE26243003A8DED /* gooddeed */;
			targetProxy = 3EBC42AF2E0EEC7600C6A23F /* PBXContainerItemProxy */;
		};
/* End PBXTargetDependency section */

/* Begin XCBuildConfiguration section */
		3E88F3F32E0F2F1B00499B14 /* Debug */ = {
			isa = XCBuildConfiguration;
			buildSettings = {
				CODE_SIGN_IDENTITY = "Apple Development";
				CODE_SIGN_STYLE = Automatic;
				CURRENT_PROJECT_VERSION = 1;
				DEVELOPMENT_TEAM = F94S465KR5;
				GENERATE_INFOPLIST_FILE = YES;
				INFOPLIST_FILE = gooddeedExtension/Info.plist;
				INFOPLIST_KEY_CFBundleDisplayName = gooddeedExtension;
				INFOPLIST_KEY_NSHumanReadableCopyright = "";
				LD_RUNPATH_SEARCH_PATHS = (
					"$(inherited)",
					"@executable_path/Frameworks",
					"@executable_path/../../Frameworks",
					"@executable_path/../../../../Frameworks",
				);
				MARKETING_VERSION = 1.0;
				PRODUCT_BUNDLE_IDENTIFIER = com.gooddeed.gooddeedsapp.watchkitapp.gooddeedExtension;
				PRODUCT_NAME = "$(TARGET_NAME)";
				SDKROOT = watchos;
				SKIP_INSTALL = YES;
				SWIFT_EMIT_LOC_STRINGS = YES;
				SWIFT_VERSION = 5.0;
				TARGETED_DEVICE_FAMILY = 4;
				WATCHOS_DEPLOYMENT_TARGET = 7;
			};
			name = Debug;
		};
		3E88F3F42E0F2F1B00499B14 /* Release */ = {
			isa = XCBuildConfiguration;
			buildSettings = {
				CODE_SIGN_ENTITLEMENTS = gooddeedExtension/gooddeedExtensionRelease.entitlements;
				CODE_SIGN_IDENTITY = "Apple Development";
				CODE_SIGN_STYLE = Automatic;
				CURRENT_PROJECT_VERSION = 1;
				DEVELOPMENT_TEAM = F94S465KR5;
				GENERATE_INFOPLIST_FILE = YES;
				INFOPLIST_FILE = gooddeedExtension/Info.plist;
				INFOPLIST_KEY_CFBundleDisplayName = gooddeedExtension;
				INFOPLIST_KEY_NSHumanReadableCopyright = "";
				LD_RUNPATH_SEARCH_PATHS = (
					"$(inherited)",
					"@executable_path/Frameworks",
					"@executable_path/../../Frameworks",
					"@executable_path/../../../../Frameworks",
				);
				MARKETING_VERSION = 1.0;
				PRODUCT_BUNDLE_IDENTIFIER = com.gooddeed.gooddeedsapp.watchkitapp.extension;
				PRODUCT_NAME = "$(TARGET_NAME)";
				SDKROOT = watchos;
				SKIP_INSTALL = YES;
				SWIFT_EMIT_LOC_STRINGS = YES;
				SWIFT_VERSION = 5.0;
				TARGETED_DEVICE_FAMILY = 4;
				WATCHOS_DEPLOYMENT_TARGET = 7;
			};
			name = Release;
		};
		3EA8B1A12E0F274E005308F3 /* Debug */ = {
			isa = XCBuildConfiguration;
			buildSettings = {
				ASSETCATALOG_COMPILER_APPICON_NAME = AppIcon;
				ASSETCATALOG_COMPILER_GLOBAL_ACCENT_COLOR_NAME = AccentColor;
				CODE_SIGN_ENTITLEMENTS = gooddeedswatchApp/gooddeedswatchApp.entitlements;
				CODE_SIGN_IDENTITY = "Apple Development";
				CODE_SIGN_STYLE = Automatic;
				CURRENT_PROJECT_VERSION = 1;
				DEVELOPMENT_TEAM = F94S465KR5;
				ENABLE_PREVIEWS = YES;
				GENERATE_INFOPLIST_FILE = YES;
				INFOPLIST_KEY_CFBundleDisplayName = gooddeedswatch;
				INFOPLIST_KEY_UISupportedInterfaceOrientations = "UIInterfaceOrientationPortrait UIInterfaceOrientationPortraitUpsideDown";
				INFOPLIST_KEY_WKCompanionAppBundleIdentifier = com.gooddeed.gooddeedsapp;
				LD_RUNPATH_SEARCH_PATHS = (
					"$(inherited)",
					"@executable_path/Frameworks",
				);
				MARKETING_VERSION = 1.0;
				PRODUCT_BUNDLE_IDENTIFIER = com.gooddeed.gooddeedsapp.watchkitapp;
				PRODUCT_NAME = "$(TARGET_NAME)";
				SDKROOT = watchos;
				SKIP_INSTALL = YES;
				SWIFT_EMIT_LOC_STRINGS = YES;
				SWIFT_VERSION = 5.0;
				TARGETED_DEVICE_FAMILY = 4;
				WATCHOS_DEPLOYMENT_TARGET = 11.4;
			};
			name = Debug;
		};
		3EA8B1A22E0F274E005308F3 /* Release */ = {
			isa = XCBuildConfiguration;
			buildSettings = {
				ASSETCATALOG_COMPILER_APPICON_NAME = AppIcon;
				ASSETCATALOG_COMPILER_GLOBAL_ACCENT_COLOR_NAME = AccentColor;
				CODE_SIGN_ENTITLEMENTS = gooddeedswatchApp/gooddeedswatchApp.entitlements;
				CODE_SIGN_IDENTITY = "Apple Development";
				CODE_SIGN_STYLE = Automatic;
				CURRENT_PROJECT_VERSION = 1;
				DEVELOPMENT_TEAM = F94S465KR5;
				ENABLE_PREVIEWS = YES;
				GENERATE_INFOPLIST_FILE = YES;
				INFOPLIST_KEY_CFBundleDisplayName = gooddeedswatch;
				INFOPLIST_KEY_UISupportedInterfaceOrientations = "UIInterfaceOrientationPortrait UIInterfaceOrientationPortraitUpsideDown";
				INFOPLIST_KEY_WKCompanionAppBundleIdentifier = com.gooddeed.gooddeedsapp;
				LD_RUNPATH_SEARCH_PATHS = (
					"$(inherited)",
					"@executable_path/Frameworks",
				);
				MARKETING_VERSION = 1.0;
				PRODUCT_BUNDLE_IDENTIFIER = "gooddeedswatch-Watch-App.entitlements";
				PRODUCT_NAME = "$(TARGET_NAME)";
				SDKROOT = watchos;
				SKIP_INSTALL = YES;
				SWIFT_EMIT_LOC_STRINGS = YES;
				SWIFT_VERSION = 5.0;
				TARGETED_DEVICE_FAMILY = 4;
				WATCHOS_DEPLOYMENT_TARGET = 11.4;
			};
			name = Release;
		};
		3EA8B1A32E0F274E005308F3 /* Debug */ = {
			isa = XCBuildConfiguration;
			buildSettings = {
				BUNDLE_LOADER = "$(TEST_HOST)";
				CODE_SIGN_STYLE = Automatic;
				CURRENT_PROJECT_VERSION = 1;
				DEVELOPMENT_TEAM = F94S465KR5;
				GENERATE_INFOPLIST_FILE = YES;
				MARKETING_VERSION = 1.0;
				PRODUCT_BUNDLE_IDENTIFIER = "gooddeed.gooddeedswatch-Watch-AppTests";
				PRODUCT_NAME = "$(TARGET_NAME)";
				SDKROOT = watchos;
				SWIFT_EMIT_LOC_STRINGS = NO;
				SWIFT_VERSION = 5.0;
				TARGETED_DEVICE_FAMILY = 4;
				TEST_HOST = "$(BUILT_PRODUCTS_DIR)/gooddeedswatch Watch App.app/$(BUNDLE_EXECUTABLE_FOLDER_PATH)/gooddeedswatch Watch App";
				WATCHOS_DEPLOYMENT_TARGET = 11.4;
			};
			name = Debug;
		};
		3EA8B1A42E0F274E005308F3 /* Release */ = {
			isa = XCBuildConfiguration;
			buildSettings = {
				BUNDLE_LOADER = "$(TEST_HOST)";
				CODE_SIGN_STYLE = Automatic;
				CURRENT_PROJECT_VERSION = 1;
				DEVELOPMENT_TEAM = F94S465KR5;
				GENERATE_INFOPLIST_FILE = YES;
				MARKETING_VERSION = 1.0;
				PRODUCT_BUNDLE_IDENTIFIER = "gooddeed.gooddeedswatch-Watch-AppTests";
				PRODUCT_NAME = "$(TARGET_NAME)";
				SDKROOT = watchos;
				SWIFT_EMIT_LOC_STRINGS = NO;
				SWIFT_VERSION = 5.0;
				TARGETED_DEVICE_FAMILY = 4;
				TEST_HOST = "$(BUILT_PRODUCTS_DIR)/gooddeedswatch Watch App.app/$(BUNDLE_EXECUTABLE_FOLDER_PATH)/gooddeedswatch Watch App";
				WATCHOS_DEPLOYMENT_TARGET = 11.4;
			};
			name = Release;
		};
		3EA8B1A52E0F274E005308F3 /* Debug */ = {
			isa = XCBuildConfiguration;
			buildSettings = {
				CODE_SIGN_STYLE = Automatic;
				CURRENT_PROJECT_VERSION = 1;
				DEVELOPMENT_TEAM = F94S465KR5;
				GENERATE_INFOPLIST_FILE = YES;
				MARKETING_VERSION = 1.0;
				PRODUCT_BUNDLE_IDENTIFIER = "gooddeed.gooddeedswatch-Watch-AppUITests";
				PRODUCT_NAME = "$(TARGET_NAME)";
				SDKROOT = watchos;
				SWIFT_EMIT_LOC_STRINGS = NO;
				SWIFT_VERSION = 5.0;
				TARGETED_DEVICE_FAMILY = 4;
				TEST_TARGET_NAME = "gooddeedswatch Watch App";
				WATCHOS_DEPLOYMENT_TARGET = 11.4;
			};
			name = Debug;
		};
		3EA8B1A62E0F274E005308F3 /* Release */ = {
			isa = XCBuildConfiguration;
			buildSettings = {
				CODE_SIGN_STYLE = Automatic;
				CURRENT_PROJECT_VERSION = 1;
				DEVELOPMENT_TEAM = F94S465KR5;
				GENERATE_INFOPLIST_FILE = YES;
				MARKETING_VERSION = 1.0;
				PRODUCT_BUNDLE_IDENTIFIER = "gooddeed.gooddeedswatch-Watch-AppUITests";
				PRODUCT_NAME = "$(TARGET_NAME)";
				SDKROOT = watchos;
				SWIFT_EMIT_LOC_STRINGS = NO;
				SWIFT_VERSION = 5.0;
				TARGETED_DEVICE_FAMILY = 4;
				TEST_TARGET_NAME = "gooddeedswatch Watch App";
				WATCHOS_DEPLOYMENT_TARGET = 11.4;
			};
			name = Release;
		};
		3EAF38902DE26246003A8DED /* Debug */ = {
			isa = XCBuildConfiguration;
			buildSettings = {
				ALWAYS_SEARCH_USER_PATHS = NO;
				ASSETCATALOG_COMPILER_GENERATE_SWIFT_ASSET_SYMBOL_EXTENSIONS = YES;
				CLANG_ANALYZER_NONNULL = YES;
				CLANG_ANALYZER_NUMBER_OBJECT_CONVERSION = YES_AGGRESSIVE;
				CLANG_CXX_LANGUAGE_STANDARD = "gnu++20";
				CLANG_ENABLE_MODULES = YES;
				CLANG_ENABLE_OBJC_ARC = YES;
				CLANG_ENABLE_OBJC_WEAK = YES;
				CLANG_WARN_BLOCK_CAPTURE_AUTORELEASING = YES;
				CLANG_WARN_BOOL_CONVERSION = YES;
				CLANG_WARN_COMMA = YES;
				CLANG_WARN_CONSTANT_CONVERSION = YES;
				CLANG_WARN_DEPRECATED_OBJC_IMPLEMENTATIONS = YES;
				CLANG_WARN_DIRECT_OBJC_ISA_USAGE = YES_ERROR;
				CLANG_WARN_DOCUMENTATION_COMMENTS = YES;
				CLANG_WARN_EMPTY_BODY = YES;
				CLANG_WARN_ENUM_CONVERSION = YES;
				CLANG_WARN_INFINITE_RECURSION = YES;
				CLANG_WARN_INT_CONVERSION = YES;
				CLANG_WARN_NON_LITERAL_NULL_CONVERSION = YES;
				CLANG_WARN_OBJC_IMPLICIT_RETAIN_SELF = YES;
				CLANG_WARN_OBJC_LITERAL_CONVERSION = YES;
				CLANG_WARN_OBJC_ROOT_CLASS = YES_ERROR;
				CLANG_WARN_QUOTED_INCLUDE_IN_FRAMEWORK_HEADER = YES;
				CLANG_WARN_RANGE_LOOP_ANALYSIS = YES;
				CLANG_WARN_STRICT_PROTOTYPES = YES;
				CLANG_WARN_SUSPICIOUS_MOVE = YES;
				CLANG_WARN_UNGUARDED_AVAILABILITY = YES_AGGRESSIVE;
				CLANG_WARN_UNREACHABLE_CODE = YES;
				CLANG_WARN__DUPLICATE_METHOD_MATCH = YES;
				COPY_PHASE_STRIP = NO;
				DEBUG_INFORMATION_FORMAT = dwarf;
				ENABLE_STRICT_OBJC_MSGSEND = YES;
				ENABLE_TESTABILITY = YES;
				ENABLE_USER_SCRIPT_SANDBOXING = YES;
				GCC_C_LANGUAGE_STANDARD = gnu17;
				GCC_DYNAMIC_NO_PIC = NO;
				GCC_NO_COMMON_BLOCKS = YES;
				GCC_OPTIMIZATION_LEVEL = 0;
				GCC_PREPROCESSOR_DEFINITIONS = (
					"DEBUG=1",
					"$(inherited)",
				);
				GCC_WARN_64_TO_32_BIT_CONVERSION = YES;
				GCC_WARN_ABOUT_RETURN_TYPE = YES_ERROR;
				GCC_WARN_UNDECLARED_SELECTOR = YES;
				GCC_WARN_UNINITIALIZED_AUTOS = YES_AGGRESSIVE;
				GCC_WARN_UNUSED_FUNCTION = YES;
				GCC_WARN_UNUSED_VARIABLE = YES;
				IPHONEOS_DEPLOYMENT_TARGET = 18.4;
				LOCALIZATION_PREFERS_STRING_CATALOGS = YES;
				MTL_ENABLE_DEBUG_INFO = INCLUDE_SOURCE;
				MTL_FAST_MATH = YES;
				ONLY_ACTIVE_ARCH = YES;
				SDKROOT = iphoneos;
				SWIFT_ACTIVE_COMPILATION_CONDITIONS = "DEBUG $(inherited)";
				SWIFT_OPTIMIZATION_LEVEL = "-Onone";
			};
			name = Debug;
		};
		3EAF38912DE26246003A8DED /* Release */ = {
			isa = XCBuildConfiguration;
			buildSettings = {
				ALWAYS_SEARCH_USER_PATHS = NO;
				ASSETCATALOG_COMPILER_GENERATE_SWIFT_ASSET_SYMBOL_EXTENSIONS = YES;
				CLANG_ANALYZER_NONNULL = YES;
				CLANG_ANALYZER_NUMBER_OBJECT_CONVERSION = YES_AGGRESSIVE;
				CLANG_CXX_LANGUAGE_STANDARD = "gnu++20";
				CLANG_ENABLE_MODULES = YES;
				CLANG_ENABLE_OBJC_ARC = YES;
				CLANG_ENABLE_OBJC_WEAK = YES;
				CLANG_WARN_BLOCK_CAPTURE_AUTORELEASING = YES;
				CLANG_WARN_BOOL_CONVERSION = YES;
				CLANG_WARN_COMMA = YES;
				CLANG_WARN_CONSTANT_CONVERSION = YES;
				CLANG_WARN_DEPRECATED_OBJC_IMPLEMENTATIONS = YES;
				CLANG_WARN_DIRECT_OBJC_ISA_USAGE = YES_ERROR;
				CLANG_WARN_DOCUMENTATION_COMMENTS = YES;
				CLANG_WARN_EMPTY_BODY = YES;
				CLANG_WARN_ENUM_CONVERSION = YES;
				CLANG_WARN_INFINITE_RECURSION = YES;
				CLANG_WARN_INT_CONVERSION = YES;
				CLANG_WARN_NON_LITERAL_NULL_CONVERSION = YES;
				CLANG_WARN_OBJC_IMPLICIT_RETAIN_SELF = YES;
				CLANG_WARN_OBJC_LITERAL_CONVERSION = YES;
				CLANG_WARN_OBJC_ROOT_CLASS = YES_ERROR;
				CLANG_WARN_QUOTED_INCLUDE_IN_FRAMEWORK_HEADER = YES;
				CLANG_WARN_RANGE_LOOP_ANALYSIS = YES;
				CLANG_WARN_STRICT_PROTOTYPES = YES;
				CLANG_WARN_SUSPICIOUS_MOVE = YES;
				CLANG_WARN_UNGUARDED_AVAILABILITY = YES_AGGRESSIVE;
				CLANG_WARN_UNREACHABLE_CODE = YES;
				CLANG_WARN__DUPLICATE_METHOD_MATCH = YES;
				COPY_PHASE_STRIP = NO;
				DEBUG_INFORMATION_FORMAT = "dwarf-with-dsym";
				ENABLE_NS_ASSERTIONS = NO;
				ENABLE_STRICT_OBJC_MSGSEND = YES;
				ENABLE_USER_SCRIPT_SANDBOXING = YES;
				GCC_C_LANGUAGE_STANDARD = gnu17;
				GCC_NO_COMMON_BLOCKS = YES;
				GCC_WARN_64_TO_32_BIT_CONVERSION = YES;
				GCC_WARN_ABOUT_RETURN_TYPE = YES_ERROR;
				GCC_WARN_UNDECLARED_SELECTOR = YES;
				GCC_WARN_UNINITIALIZED_AUTOS = YES_AGGRESSIVE;
				GCC_WARN_UNUSED_FUNCTION = YES;
				GCC_WARN_UNUSED_VARIABLE = YES;
				IPHONEOS_DEPLOYMENT_TARGET = 18.4;
				LOCALIZATION_PREFERS_STRING_CATALOGS = YES;
				MTL_ENABLE_DEBUG_INFO = NO;
				MTL_FAST_MATH = YES;
				ONLY_ACTIVE_ARCH = YES;
				SDKROOT = iphoneos;
				SWIFT_COMPILATION_MODE = wholemodule;
				VALIDATE_PRODUCT = YES;
			};
			name = Release;
		};
		3EAF38932DE26246003A8DED /* Debug */ = {
			isa = XCBuildConfiguration;
			buildSettings = {
				ARCHS = (
					"$(ARCHS_STANDARD)",
					"\"Standard Architectures (64-bit Intel and Apple)\"",
				);
				ASSETCATALOG_COMPILER_APPICON_NAME = AppIcon;
				ASSETCATALOG_COMPILER_GLOBAL_ACCENT_COLOR_NAME = AccentColor;
				CODE_SIGN_IDENTITY = "Apple Development";
				CODE_SIGN_STYLE = Automatic;
				CURRENT_PROJECT_VERSION = 1;
				DEVELOPMENT_TEAM = F94S465KR5;
				ENABLE_PREVIEWS = YES;
				GENERATE_INFOPLIST_FILE = YES;
				INFOPLIST_FILE = gooddeed/Info.plist;
				INFOPLIST_KEY_CFBundleDisplayName = GoodDeeds;
				INFOPLIST_KEY_UIApplicationSceneManifest_Generation = YES;
				INFOPLIST_KEY_UIApplicationSupportsIndirectInputEvents = YES;
				INFOPLIST_KEY_UILaunchScreen_Generation = YES;
				INFOPLIST_KEY_UILaunchStoryboardName = LaunchScreen;
				INFOPLIST_KEY_UISupportedInterfaceOrientations_iPad = "UIInterfaceOrientationPortrait UIInterfaceOrientationPortraitUpsideDown UIInterfaceOrientationLandscapeLeft UIInterfaceOrientationLandscapeRight";
				INFOPLIST_KEY_UISupportedInterfaceOrientations_iPhone = "UIInterfaceOrientationPortrait UIInterfaceOrientationLandscapeLeft UIInterfaceOrientationLandscapeRight";
				IPHONEOS_DEPLOYMENT_TARGET = 15.0;
				LD_RUNPATH_SEARCH_PATHS = (
					"$(inherited)",
					"@executable_path/Frameworks",
				);
				MARKETING_VERSION = 1.0;
				PRODUCT_BUNDLE_IDENTIFIER = com.gooddeed.gooddeedsapp;
				PRODUCT_NAME = "$(TARGET_NAME)";
				PROVISIONING_PROFILE_SPECIFIER = "";
				SWIFT_EMIT_LOC_STRINGS = YES;
				SWIFT_VERSION = 5.0;
				TARGETED_DEVICE_FAMILY = "1,2";
			};
			name = Debug;
		};
		3EAF38942DE26246003A8DED /* Release */ = {
			isa = XCBuildConfiguration;
			buildSettings = {
				ARCHS = (
					"$(ARCHS_STANDARD)",
					"\"Standard Architectures (64-bit Intel and Apple)\"",
				);
				ASSETCATALOG_COMPILER_APPICON_NAME = AppIcon;
				ASSETCATALOG_COMPILER_GLOBAL_ACCENT_COLOR_NAME = AccentColor;
				CODE_SIGN_ENTITLEMENTS = gooddeed/gooddeedRelease.entitlements;
				CODE_SIGN_IDENTITY = "Apple Development";
				CODE_SIGN_STYLE = Automatic;
				CURRENT_PROJECT_VERSION = 1;
				DEVELOPMENT_TEAM = F94S465KR5;
				ENABLE_PREVIEWS = YES;
				GENERATE_INFOPLIST_FILE = YES;
				INFOPLIST_FILE = gooddeed/Info.plist;
				INFOPLIST_KEY_CFBundleDisplayName = GoodDeeds;
				INFOPLIST_KEY_UIApplicationSceneManifest_Generation = YES;
				INFOPLIST_KEY_UIApplicationSupportsIndirectInputEvents = YES;
				INFOPLIST_KEY_UILaunchScreen_Generation = YES;
				INFOPLIST_KEY_UILaunchStoryboardName = LaunchScreen;
				INFOPLIST_KEY_UISupportedInterfaceOrientations_iPad = "UIInterfaceOrientationPortrait UIInterfaceOrientationPortraitUpsideDown UIInterfaceOrientationLandscapeLeft UIInterfaceOrientationLandscapeRight";
				INFOPLIST_KEY_UISupportedInterfaceOrientations_iPhone = "UIInterfaceOrientationPortrait UIInterfaceOrientationLandscapeLeft UIInterfaceOrientationLandscapeRight";
				IPHONEOS_DEPLOYMENT_TARGET = 15.0;
				LD_RUNPATH_SEARCH_PATHS = (
					"$(inherited)",
					"@executable_path/Frameworks",
				);
				MARKETING_VERSION = 1.0;
				PRODUCT_BUNDLE_IDENTIFIER = com.gooddeed.gooddeedsapp;
				PRODUCT_NAME = "$(TARGET_NAME)";
				PROVISIONING_PROFILE_SPECIFIER = "";
				SWIFT_EMIT_LOC_STRINGS = YES;
				SWIFT_VERSION = 5.0;
				TARGETED_DEVICE_FAMILY = "1,2";
			};
			name = Release;
		};
		3EBC42B22E0EEC7600C6A23F /* Debug */ = {
			isa = XCBuildConfiguration;
			buildSettings = {
				BUNDLE_LOADER = "$(TEST_HOST)";
				CODE_SIGN_STYLE = Automatic;
				CURRENT_PROJECT_VERSION = 1;
				GENERATE_INFOPLIST_FILE = YES;
				MARKETING_VERSION = 1.0;
				PRODUCT_BUNDLE_IDENTIFIER = gooddeed.GoodDeedTests;
				PRODUCT_NAME = "$(TARGET_NAME)";
				SWIFT_EMIT_LOC_STRINGS = NO;
				SWIFT_VERSION = 5.0;
				TARGETED_DEVICE_FAMILY = "1,2";
				TEST_HOST = "$(BUILT_PRODUCTS_DIR)/gooddeed.app/$(BUNDLE_EXECUTABLE_FOLDER_PATH)/gooddeed";
			};
			name = Debug;
		};
		3EBC42B32E0EEC7600C6A23F /* Release */ = {
			isa = XCBuildConfiguration;
			buildSettings = {
				BUNDLE_LOADER = "$(TEST_HOST)";
				CODE_SIGN_STYLE = Automatic;
				CURRENT_PROJECT_VERSION = 1;
				DEVELOPMENT_TEAM = F94S465KR5;
				GENERATE_INFOPLIST_FILE = YES;
				MARKETING_VERSION = 1.0;
				PRODUCT_BUNDLE_IDENTIFIER = gooddeed.GoodDeedTests;
				PRODUCT_NAME = "$(TARGET_NAME)";
				SWIFT_EMIT_LOC_STRINGS = NO;
				SWIFT_VERSION = 5.0;
				TARGETED_DEVICE_FAMILY = "1,2";
				TEST_HOST = "$(BUILT_PRODUCTS_DIR)/gooddeed.app/$(BUNDLE_EXECUTABLE_FOLDER_PATH)/gooddeed";
			};
			name = Release;
		};
/* End XCBuildConfiguration section */

/* Begin XCConfigurationList section */
		3E88F3F52E0F2F1B00499B14 /* Build configuration list for PBXNativeTarget "gooddeedExtension" */ = {
			isa = XCConfigurationList;
			buildConfigurations = (
				3E88F3F32E0F2F1B00499B14 /* Debug */,
				3E88F3F42E0F2F1B00499B14 /* Release */,
			);
			defaultConfigurationIsVisible = 0;
			defaultConfigurationName = Release;
		};
		3EA8B1A72E0F274E005308F3 /* Build configuration list for PBXNativeTarget "gooddeedswatch Watch App" */ = {
			isa = XCConfigurationList;
			buildConfigurations = (
				3EA8B1A12E0F274E005308F3 /* Debug */,
				3EA8B1A22E0F274E005308F3 /* Release */,
			);
			defaultConfigurationIsVisible = 0;
			defaultConfigurationName = Release;
		};
		3EA8B1A82E0F274E005308F3 /* Build configuration list for PBXNativeTarget "gooddeedswatch Watch AppTests" */ = {
			isa = XCConfigurationList;
			buildConfigurations = (
				3EA8B1A32E0F274E005308F3 /* Debug */,
				3EA8B1A42E0F274E005308F3 /* Release */,
			);
			defaultConfigurationIsVisible = 0;
			defaultConfigurationName = Release;
		};
		3EA8B1A92E0F274E005308F3 /* Build configuration list for PBXNativeTarget "gooddeedswatch Watch AppUITests" */ = {
			isa = XCConfigurationList;
			buildConfigurations = (
				3EA8B1A52E0F274E005308F3 /* Debug */,
				3EA8B1A62E0F274E005308F3 /* Release */,
			);
			defaultConfigurationIsVisible = 0;
			defaultConfigurationName = Release;
		};
		3EAF38822DE26243003A8DED /* Build configuration list for PBXProject "gooddeed" */ = {
			isa = XCConfigurationList;
			buildConfigurations = (
				3EAF38902DE26246003A8DED /* Debug */,
				3EAF38912DE26246003A8DED /* Release */,
			);
			defaultConfigurationIsVisible = 0;
			defaultConfigurationName = Release;
		};
		3EAF38922DE26246003A8DED /* Build configuration list for PBXNativeTarget "gooddeed" */ = {
			isa = XCConfigurationList;
			buildConfigurations = (
				3EAF38932DE26246003A8DED /* Debug */,
				3EAF38942DE26246003A8DED /* Release */,
			);
			defaultConfigurationIsVisible = 0;
			defaultConfigurationName = Release;
		};
		3EBC42B12E0EEC7600C6A23F /* Build configuration list for PBXNativeTarget "GoodDeedTests" */ = {
			isa = XCConfigurationList;
			buildConfigurations = (
				3EBC42B22E0EEC7600C6A23F /* Debug */,
				3EBC42B32E0EEC7600C6A23F /* Release */,
			);
			defaultConfigurationIsVisible = 0;
			defaultConfigurationName = Release;
		};
/* End XCConfigurationList section */
	};
	rootObject = 3EAF387F2DE26243003A8DED /* Project object */;
}
