// !$*UTF8*$!
{
	archiveVersion = 1;
	classes = {
	};
	objectVersion = 77;
	objects = {

/* Begin PBXBuildFile section */
		3EA8B19F2E0F274E005308F3 /* gooddeedswatch Watch App.app in Embed Watch Content */ = {isa = PBXBuildFile; fileRef = 3EA8B17F2E0F274B005308F3 /* gooddeedswatch Watch App.app */; settings = {ATTRIBUTES = (RemoveHeadersOnCopy, ); }; };
		3EBC42B82E0EEE4400C6A23F /* XCTest.framework in Frameworks */ = {isa = PBXBuildFile; fileRef = 3EBC42B72E0EEE4400C6A23F /* XCTest.framework */; platformFilter = ios; };
		3EBC42BD2E0EF92800C6A23F /* FirebaseAI in Frameworks */ = {isa = PBXBuildFile; productRef = 3EBC42BC2E0EF92800C6A23F /* FirebaseAI */; };
		3EBC42BF2E0EF92800C6A23F /* FirebaseAnalyticsWithoutAdIdSupport in Frameworks */ = {isa = PBXBuildFile; productRef = 3EBC42BE2E0EF92800C6A23F /* FirebaseAnalyticsWithoutAdIdSupport */; };
/* End PBXBuildFile section */

/* Begin PBXContainerItemProxy section */
		3EA8B18C2E0F274E005308F3 /* PBXContainerItemProxy */ = {
			isa = PBXContainerItemProxy;
			containerPortal = 3EAF387F2DE26243003A8DED /* Project object */;
			proxyType = 1;
			remoteGlobalIDString = 3EA8B17E2E0F274B005308F3;
			remoteInfo = "gooddeedswatch Watch App";
		};
		3EA8B1962E0F274E005308F3 /* PBXContainerItemProxy */ = {
			isa = PBXContainerItemProxy;
			containerPortal = 3EAF387F2DE26243003A8DED /* Project object */;
			proxyType = 1;
			remoteGlobalIDString = 3EA8B17E2E0F274B005308F3;
			remoteInfo = "gooddeedswatch Watch App";
		};
		3EA8B19D2E0F274E005308F3 /* PBXContainerItemProxy */ = {
			isa = PBXContainerItemProxy;
			containerPortal = 3EAF387F2DE26243003A8DED /* Project object */;
			proxyType = 1;
			remoteGlobalIDString = 3EA8B17E2E0F274B005308F3;
			remoteInfo = "gooddeedswatch Watch App";
		};
		3EBC42AF2E0EEC7600C6A23F /* PBXContainerItemProxy */ = {
			isa = PBXContainerItemProxy;
			containerPortal = 3EAF387F2DE26243003A8DED /* Project object */;
			proxyType = 1;
			remoteGlobalIDString = 3EAF38862DE26243003A8DED;
			remoteInfo = gooddeed;
		};
/* End PBXContainerItemProxy section */

/* Begin PBXCopyFilesBuildPhase section */
		3EA8B1A02E0F274E005308F3 /* Embed Watch Content */ = {
			isa = PBXCopyFilesBuildPhase;
			buildActionMask = 2147483647;
			dstPath = "$(CONTENTS_FOLDER_PATH)/Watch";
			dstSubfolderSpec = 16;
			files = (
				3EA8B19F2E0F274E005308F3 /* gooddeedswatch Watch App.app in Embed Watch Content */,
			);
			name = "Embed Watch Content";
			runOnlyForDeploymentPostprocessing = 0;
		};
/* End PBXCopyFilesBuildPhase section */

/* Begin PBXFileReference section */
		3EA8B17F2E0F274B005308F3 /* gooddeedswatch Watch App.app */ = {isa = PBXFileReference; explicitFileType = wrapper.application; includeInIndex = 0; path = "gooddeedswatch Watch App.app"; sourceTree = BUILT_PRODUCTS_DIR; };
		3EA8B18B2E0F274E005308F3 /* gooddeedswatch Watch AppTests.xctest */ = {isa = PBXFileReference; explicitFileType = wrapper.cfbundle; includeInIndex = 0; path = "gooddeedswatch Watch AppTests.xctest"; sourceTree = BUILT_PRODUCTS_DIR; };
		3EA8B1952E0F274E005308F3 /* gooddeedswatch Watch AppUITests.xctest */ = {isa = PBXFileReference; explicitFileType = wrapper.cfbundle; includeInIndex = 0; path = "gooddeedswatch Watch AppUITests.xctest"; sourceTree = BUILT_PRODUCTS_DIR; };
		3EAF38872DE26243003A8DED /* gooddeed.app */ = {isa = PBXFileReference; explicitFileType = wrapper.application; includeInIndex = 0; path = gooddeed.app; sourceTree = BUILT_PRODUCTS_DIR; };
		3EBC42AB2E0EEC7600C6A23F /* GoodDeedTests.xctest */ = {isa = PBXFileReference; explicitFileType = wrapper.cfbundle; includeInIndex = 0; path = GoodDeedTests.xctest; sourceTree = BUILT_PRODUCTS_DIR; };
		3EBC42B72E0EEE4400C6A23F /* XCTest.framework */ = {isa = PBXFileReference; lastKnownFileType = wrapper.framework; name = XCTest.framework; path = Platforms/iPhoneOS.platform/Developer/Library/Frameworks/XCTest.framework; sourceTree = DEVELOPER_DIR; };
/* End PBXFileReference section */

/* Begin PBXFileSystemSynchronizedBuildFileExceptionSet section */
		3EA6C5492E0AEAB0007FAD51 /* Exceptions for "gooddeed" folder in "gooddeed" target */ = {
			isa = PBXFileSystemSynchronizedBuildFileExceptionSet;
			membershipExceptions = (
				Info.plist,
			);
			target = 3EAF38862DE26243003A8DED /* gooddeed */;
		};
/* End PBXFileSystemSynchronizedBuildFileExceptionSet section */

/* Begin PBXFileSystemSynchronizedRootGroup section */
		3EA8B1802E0F274B005308F3 /* gooddeedswatch Watch App */ = {
			isa = PBXFileSystemSynchronizedRootGroup;
			path = "gooddeedswatch Watch App";
			sourceTree = "<group>";
		};
		3EA8B18E2E0F274E005308F3 /* gooddeedswatch Watch AppTests */ = {
			isa = PBXFileSystemSynchronizedRootGroup;
			path = "gooddeedswatch Watch AppTests";
			sourceTree = "<group>";
		};
		3EA8B1982E0F274E005308F3 /* gooddeedswatch Watch AppUITests */ = {
			isa = PBXFileSystemSynchronizedRootGroup;
			path = "gooddeedswatch Watch AppUITests";
			sourceTree = "<group>";
		};
		3EAF38892DE26243003A8DED /* gooddeed */ = {
			isa = PBXFileSystemSynchronizedRootGroup;
			exceptions = (
				3EA6C5492E0AEAB0007FAD51 /* Exceptions for "gooddeed" folder in "gooddeed" target */,
			);
			path = gooddeed;
			sourceTree = "<group>";
		};
		3EBC42AC2E0EEC7600C6A23F /* GoodDeedTests */ = {
			isa = PBXFileSystemSynchronizedRootGroup;
			path = GoodDeedTests;
			sourceTree = "<group>";
		};
/* End PBXFileSystemSynchronizedRootGroup section */

/* Begin PBXFrameworksBuildPhase section */
		3EA8B17C2E0F274B005308F3 /* Frameworks */ = {
			isa = PBXFrameworksBuildPhase;
			buildActionMask = 2147483647;
			files = (
			);
			runOnlyForDeploymentPostprocessing = 0;
		};
		3EA8B1882E0F274E005308F3 /* Frameworks */ = {
			isa = PBXFrameworksBuildPhase;
			buildActionMask = 2147483647;
			files = (
			);
			runOnlyForDeploymentPostprocessing = 0;
		};
		3EA8B1922E0F274E005308F3 /* Frameworks */ = {
			isa = PBXFrameworksBuildPhase;
			buildActionMask = 2147483647;
			files = (
			);
			runOnlyForDeploymentPostprocessing = 0;
		};
		3EAF38842DE26243003A8DED /* Frameworks */ = {
			isa = PBXFrameworksBuildPhase;
			buildActionMask = 2147483647;
			files = (
				3EBC42BD2E0EF92800C6A23F /* FirebaseAI in Frameworks */,
				3EBC42BF2E0EF92800C6A23F /* FirebaseAnalyticsWithoutAdIdSupport in Frameworks */,
			);
			runOnlyForDeploymentPostprocessing = 0;
		};
		3EBC42A82E0EEC7600C6A23F /* Frameworks */ = {
			isa = PBXFrameworksBuildPhase;
			buildActionMask = 2147483647;
			files = (
				3EBC42B82E0EEE4400C6A23F /* XCTest.framework in Frameworks */,
			);
			runOnlyForDeploymentPostprocessing = 0;
		};
/* End PBXFrameworksBuildPhase section */

/* Begin PBXGroup section */
		3EAF387E2DE26243003A8DED = {
			isa = PBXGroup;
			children = (
				3EAF38892DE26243003A8DED /* gooddeed */,
				3EBC42AC2E0EEC7600C6A23F /* GoodDeedTests */,
				3EA8B1802E0F274B005308F3 /* gooddeedswatch Watch App */,
				3EA8B18E2E0F274E005308F3 /* gooddeedswatch Watch AppTests */,
				3EA8B1982E0F274E005308F3 /* gooddeedswatch Watch AppUITests */,
				3EBC42B62E0EEE4400C6A23F /* Frameworks */,
				3EAF38882DE26243003A8DED /* Products */,
			);
			sourceTree = "<group>";
		};
		3EAF38882DE26243003A8DED /* Products */ = {
			isa = PBXGroup;
			children = (
				3EAF38872DE26243003A8DED /* gooddeed.app */,
				3EBC42AB2E0EEC7600C6A23F /* GoodDeedTests.xctest */,
				3EA8B17F2E0F274B005308F3 /* gooddeedswatch Watch App.app */,
				3EA8B18B2E0F274E005308F3 /* gooddeedswatch Watch AppTests.xctest */,
				3EA8B1952E0F274E005308F3 /* gooddeedswatch Watch AppUITests.xctest */,
			);
			name = Products;
			sourceTree = "<group>";
		};
		3EBC42B62E0EEE4400C6A23F /* Frameworks */ = {
			isa = PBXGroup;
			children = (
				3EBC42B72E0EEE4400C6A23F /* XCTest.framework */,
			);
			name = Frameworks;
			sourceTree = "<group>";
		};
/* End PBXGroup section */

/* Begin PBXNativeTarget section */
		3EA8B17E2E0F274B005308F3 /* gooddeedswatch Watch App */ = {
			isa = PBXNativeTarget;
			buildConfigurationList = 3EA8B1A72E0F274E005308F3 /* Build configuration list for PBXNativeTarget "gooddeedswatch Watch App" */;
			buildPhases = (
				3EA8B17B2E0F274B005308F3 /* Sources */,
				3EA8B17C2E0F274B005308F3 /* Frameworks */,
				3EA8B17D2E0F274B005308F3 /* Resources */,
			);
			buildRules = (
			);
			dependencies = (
			);
			fileSystemSynchronizedGroups = (
				3EA8B1802E0F274B005308F3 /* gooddeedswatch Watch App */,
			);
			name = "gooddeedswatch Watch App";
			packageProductDependencies = (
			);
			productName = "gooddeedswatch Watch App";
			productReference = 3EA8B17F2E0F274B005308F3 /* gooddeedswatch Watch App.app */;
			productType = "com.apple.product-type.application";
		};
		3EA8B18A2E0F274E005308F3 /* gooddeedswatch Watch AppTests */ = {
			isa = PBXNativeTarget;
			buildConfigurationList = 3EA8B1A82E0F274E005308F3 /* Build configuration list for PBXNativeTarget "gooddeedswatch Watch AppTests" */;
			buildPhases = (
				3EA8B1872E0F274E005308F3 /* Sources */,
				3EA8B1882E0F274E005308F3 /* Frameworks */,
				3EA8B1892E0F274E005308F3 /* Resources */,
			);
			buildRules = (
			);
			dependencies = (
				3EA8B18D2E0F274E005308F3 /* PBXTargetDependency */,
			);
			fileSystemSynchronizedGroups = (
				3EA8B18E2E0F274E005308F3 /* gooddeedswatch Watch AppTests */,
			);
			name = "gooddeedswatch Watch AppTests";
			packageProductDependencies = (
			);
			productName = "gooddeedswatch Watch AppTests";
			productReference = 3EA8B18B2E0F274E005308F3 /* gooddeedswatch Watch AppTests.xctest */;
			productType = "com.apple.product-type.bundle.unit-test";
		};
		3EA8B1942E0F274E005308F3 /* gooddeedswatch Watch AppUITests */ = {
			isa = PBXNativeTarget;
			buildConfigurationList = 3EA8B1A92E0F274E005308F3 /* Build configuration list for PBXNativeTarget "gooddeedswatch Watch AppUITests" */;
			buildPhases = (
				3EA8B1912E0F274E005308F3 /* Sources */,
				3EA8B1922E0F274E005308F3 /* Frameworks */,
				3EA8B1932E0F274E005308F3 /* Resources */,
			);
			buildRules = (
			);
			dependencies = (
				3EA8B1972E0F274E005308F3 /* PBXTargetDependency */,
			);
			fileSystemSynchronizedGroups = (
				3EA8B1982E0F274E005308F3 /* gooddeedswatch Watch AppUITests */,
			);
			name = "gooddeedswatch Watch AppUITests";
			packageProductDependencies = (
			);
			productName = "gooddeedswatch Watch AppUITests";
			productReference = 3EA8B1952E0F274E005308F3 /* gooddeedswatch Watch AppUITests.xctest */;
			productType = "com.apple.product-type.bundle.ui-testing";
		};
		3EAF38862DE26243003A8DED /* gooddeed */ = {
			isa = PBXNativeTarget;
			buildConfigurationList = 3EAF38922DE26246003A8DED /* Build configuration list for PBXNativeTarget "gooddeed" */;
			buildPhases = (
				3EAF38832DE26243003A8DED /* Sources */,
				3EAF38842DE26243003A8DED /* Frameworks */,
				3EAF38852DE26243003A8DED /* Resources */,
				3EA8B1A02E0F274E005308F3 /* Embed Watch Content */,
			);
			buildRules = (
			);
			dependencies = (
				3EA8B19E2E0F274E005308F3 /* PBXTargetDependency */,
			);
			fileSystemSynchronizedGroups = (
				3EAF38892DE26243003A8DED /* gooddeed */,
			);
			name = gooddeed;
			packageProductDependencies = (
				3EBC42BC2E0EF92800C6A23F /* FirebaseAI */,
				3EBC42BE2E0EF92800C6A23F /* FirebaseAnalyticsWithoutAdIdSupport */,
			);
			productName = gooddeed;
			productReference = 3EAF38872DE26243003A8DED /* gooddeed.app */;
			productType = "com.apple.product-type.application";
		};
		3EBC42AA2E0EEC7600C6A23F /* GoodDeedTests */ = {
			isa = PBXNativeTarget;
			buildConfigurationList = 3EBC42B12E0EEC7600C6A23F /* Build configuration list for PBXNativeTarget "GoodDeedTests" */;
			buildPhases = (
				3EBC42A72E0EEC7600C6A23F /* Sources */,
				3EBC42A82E0EEC7600C6A23F /* Frameworks */,
				3EBC42A92E0EEC7600C6A23F /* Resources */,
			);
			buildRules = (
			);
			dependencies = (
				3EBC42B02E0EEC7600C6A23F /* PBXTargetDependency */,
			);
			fileSystemSynchronizedGroups = (
				3EBC42AC2E0EEC7600C6A23F /* GoodDeedTests */,
			);
			name = GoodDeedTests;
			packageProductDependencies = (
			);
			productName = GoodDeedTests;
			productReference = 3EBC42AB2E0EEC7600C6A23F /* GoodDeedTests.xctest */;
			productType = "com.apple.product-type.bundle.unit-test";
		};
/* End PBXNativeTarget section */

/* Begin PBXProject section */
		3EAF387F2DE26243003A8DED /* Project object */ = {
			isa = PBXProject;
			attributes = {
				BuildIndependentTargetsInParallel = 1;
				LastSwiftUpdateCheck = 1630;
				LastUpgradeCheck = 1630;
				TargetAttributes = {
					3EA8B17E2E0F274B005308F3 = {
						CreatedOnToolsVersion = 16.3;
					};
					3EA8B18A2E0F274E005308F3 = {
						CreatedOnToolsVersion = 16.3;
						TestTargetID = 3EA8B17E2E0F274B005308F3;
					};
					3EA8B1942E0F274E005308F3 = {
						CreatedOnToolsVersion = 16.3;
						TestTargetID = 3EA8B17E2E0F274B005308F3;
					};
					3EAF38862DE26243003A8DED = {
						CreatedOnToolsVersion = 16.3;
					};
					3EBC42AA2E0EEC7600C6A23F = {
						CreatedOnToolsVersion = 16.3;
						TestTargetID = 3EAF38862DE26243003A8DED;
					};
				};
			};
			buildConfigurationList = 3EAF38822DE26243003A8DED /* Build configuration list for PBXProject "gooddeed" */;
			developmentRegion = en;
			hasScannedForEncodings = 0;
			knownRegions = (
				en,
				Base,
			);
			mainGroup = 3EAF387E2DE26243003A8DED;
			minimizedProjectReferenceProxies = 1;
			packageReferences = (
				3EBC42BB2E0EF92800C6A23F /* XCRemoteSwiftPackageReference "firebase-ios-sdk" */,
			);
			preferredProjectObjectVersion = 77;
			productRefGroup = 3EAF38882DE26243003A8DED /* Products */;
			projectDirPath = "";
			projectRoot = "";
			targets = (
				3EAF38862DE26243003A8DED /* gooddeed */,
				3EBC42AA2E0EEC7600C6A23F /* GoodDeedTests */,
				3EA8B17E2E0F274B005308F3 /* gooddeedswatch Watch App */,
				3EA8B18A2E0F274E005308F3 /* gooddeedswatch Watch AppTests */,
				3EA8B1942E0F274E005308F3 /* gooddeedswatch Watch AppUITests */,
			);
		};
/* End PBXProject section */

/* Begin PBXResourcesBuildPhase section */
		3EA8B17D2E0F274B005308F3 /* Resources */ = {
			isa = PBXResourcesBuildPhase;
			buildActionMask = 2147483647;
			files = (
			);
			runOnlyForDeploymentPostprocessing = 0;
		};
		3EA8B1892E0F274E005308F3 /* Resources */ = {
			isa = PBXResourcesBuildPhase;
			buildActionMask = 2147483647;
			files = (
			);
			runOnlyForDeploymentPostprocessing = 0;
		};
		3EA8B1932E0F274E005308F3 /* Resources */ = {
			isa = PBXResourcesBuildPhase;
			buildActionMask = 2147483647;
			files = (
			);
			runOnlyForDeploymentPostprocessing = 0;
		};
		3EAF38852DE26243003A8DED /* Resources */ = {
			isa = PBXResourcesBuildPhase;
			buildActionMask = 2147483647;
			files = (
			);
			runOnlyForDeploymentPostprocessing = 0;
		};
		3EBC42A92E0EEC7600C6A23F /* Resources */ = {
			isa = PBXResourcesBuildPhase;
			buildActionMask = 2147483647;
			files = (
			);
			runOnlyForDeploymentPostprocessing = 0;
		};
/* End PBXResourcesBuildPhase section */

/* Begin PBXSourcesBuildPhase section */
		3EA8B17B2E0F274B005308F3 /* Sources */ = {
			isa = PBXSourcesBuildPhase;
			buildActionMask = 2147483647;
			files = (
			);
			runOnlyForDeploymentPostprocessing = 0;
		};
		3EA8B1872E0F274E005308F3 /* Sources */ = {
			isa = PBXSourcesBuildPhase;
			buildActionMask = 2147483647;
			files = (
			);
			runOnlyForDeploymentPostprocessing = 0;
		};
		3EA8B1912E0F274E005308F3 /* Sources */ = {
			isa = PBXSourcesBuildPhase;
			buildActionMask = 2147483647;
			files = (
			);
			runOnlyForDeploymentPostprocessing = 0;
		};
		3EAF38832DE26243003A8DED /* Sources */ = {
			isa = PBXSourcesBuildPhase;
			buildActionMask = 2147483647;
			files = (
			);
			runOnlyForDeploymentPostprocessing = 0;
		};
		3EBC42A72E0EEC7600C6A23F /* Sources */ = {
			isa = PBXSourcesBuildPhase;
			buildActionMask = 2147483647;
			files = (
			);
			runOnlyForDeploymentPostprocessing = 0;
		};
/* End PBXSourcesBuildPhase section */

/* Begin PBXTargetDependency section */
		3EA8B18D2E0F274E005308F3 /* PBXTargetDependency */ = {
			isa = PBXTargetDependency;
			target = 3EA8B17E2E0F274B005308F3 /* gooddeedswatch Watch App */;
			targetProxy = 3EA8B18C2E0F274E005308F3 /* PBXContainerItemProxy */;
		};
		3EA8B1972E0F274E005308F3 /* PBXTargetDependency */ = {
			isa = PBXTargetDependency;
			target = 3EA8B17E2E0F274B005308F3 /* gooddeedswatch Watch App */;
			targetProxy = 3EA8B1962E0F274E005308F3 /* PBXContainerItemProxy */;
		};
		3EA8B19E2E0F274E005308F3 /* PBXTargetDependency */ = {
			isa = PBXTargetDependency;
			target = 3EA8B17E2E0F274B005308F3 /* gooddeedswatch Watch App */;
			targetProxy = 3EA8B19D2E0F274E005308F3 /* PBXContainerItemProxy */;
		};
		3EBC42B02E0EEC7600C6A23F /* PBXTargetDependency */ = {
			isa = PBXTargetDependency;
			target = 3EAF38862DE26243003A8DED /* gooddeed */;
			targetProxy = 3EBC42AF2E0EEC7600C6A23F /* PBXContainerItemProxy */;
		};
/* End PBXTargetDependency section */

/* Begin XCBuildConfiguration section */
		3EA8B1A12E0F274E005308F3 /* Debug */ = {
			isa = XCBuildConfiguration;
			buildSettings = {
				ASSETCATALOG_COMPILER_APPICON_NAME = AppIcon;
				ASSETCATALOG_COMPILER_GLOBAL_ACCENT_COLOR_NAME = AccentColor;
				CODE_SIGN_IDENTITY = "Apple Development";
				CODE_SIGN_STYLE = Automatic;
				CURRENT_PROJECT_VERSION = 1;
				DEVELOPMENT_TEAM = F94S465KR5;
				ENABLE_PREVIEWS = YES;
				GENERATE_INFOPLIST_FILE = YES;
				INFOPLIST_KEY_CFBundleDisplayName = gooddeedswatch;
				INFOPLIST_KEY_UISupportedInterfaceOrientations = "UIInterfaceOrientationPortrait UIInterfaceOrientationPortraitUpsideDown";
				INFOPLIST_KEY_WKCompanionAppBundleIdentifier = com.gooddeed.gooddeedsapp;
				LD_RUNPATH_SEARCH_PATHS = (
					"$(inherited)",
					"@executable_path/Frameworks",
				);
				MARKETING_VERSION = 1.0;
				PRODUCT_BUNDLE_IDENTIFIER = com.gooddeed.gooddeedsapp.watchkitapp;
				PRODUCT_NAME = "$(TARGET_NAME)";
				SDKROOT = watchos;
				SKIP_INSTALL = YES;
				SWIFT_EMIT_LOC_STRINGS = YES;
				SWIFT_VERSION = 5.0;
				TARGETED_DEVICE_FAMILY = 4;
				WATCHOS_DEPLOYMENT_TARGET = 11.4;
			};
			name = Debug;
		};
		3EA8B1A22E0F274E005308F3 /* Release */ = {
			isa = XCBuildConfiguration;
			buildSettings = {
				ASSETCATALOG_COMPILER_APPICON_NAME = AppIcon;
				ASSETCATALOG_COMPILER_GLOBAL_ACCENT_COLOR_NAME = AccentColor;
				CODE_SIGN_IDENTITY = "Apple Development";
				CODE_SIGN_STYLE = Automatic;
				CURRENT_PROJECT_VERSION = 1;
				DEVELOPMENT_TEAM = F94S465KR5;
				ENABLE_PREVIEWS = YES;
				GENERATE_INFOPLIST_FILE = YES;
				INFOPLIST_KEY_CFBundleDisplayName = gooddeedswatch;
				INFOPLIST_KEY_UISupportedInterfaceOrientations = "UIInterfaceOrientationPortrait UIInterfaceOrientationPortraitUpsideDown";
				INFOPLIST_KEY_WKCompanionAppBundleIdentifier = com.gooddeed.gooddeedsapp;
				LD_RUNPATH_SEARCH_PATHS = (
					"$(inherited)",
					"@executable_path/Frameworks",
				);
				MARKETING_VERSION = 1.0;
				PRODUCT_BUNDLE_IDENTIFIER = com.gooddeed.gooddeedsapp.watchkitapp;
				PRODUCT_NAME = "$(TARGET_NAME)";
				SDKROOT = watchos;
				SKIP_INSTALL = YES;
				SWIFT_EMIT_LOC_STRINGS = YES;
				SWIFT_VERSION = 5.0;
				TARGETED_DEVICE_FAMILY = 4;
				WATCHOS_DEPLOYMENT_TARGET = 11.4;
			};
			name = Release;
		};
		3EA8B1A32E0F274E005308F3 /* Debug */ = {
			isa = XCBuildConfiguration;
			buildSettings = {
				BUNDLE_LOADER = "$(TEST_HOST)";
				CODE_SIGN_STYLE = Automatic;
				CURRENT_PROJECT_VERSION = 1;
				DEVELOPMENT_TEAM = F94S465KR5;
				GENERATE_INFOPLIST_FILE = YES;
				MARKETING_VERSION = 1.0;
				PRODUCT_BUNDLE_IDENTIFIER = "gooddeed.gooddeedswatch-Watch-AppTests";
				PRODUCT_NAME = "$(TARGET_NAME)";
				SDKROOT = watchos;
				SWIFT_EMIT_LOC_STRINGS = NO;
				SWIFT_VERSION = 5.0;
				TARGETED_DEVICE_FAMILY = 4;
				TEST_HOST = "$(BUILT_PRODUCTS_DIR)/gooddeedswatch Watch App.app/$(BUNDLE_EXECUTABLE_FOLDER_PATH)/gooddeedswatch Watch App";
				WATCHOS_DEPLOYMENT_TARGET = 11.4;
			};
			name = Debug;
		};
		3EA8B1A42E0F274E005308F3 /* Release */ = {
			isa = XCBuildConfiguration;
			buildSettings = {
				BUNDLE_LOADER = "$(TEST_HOST)";
				CODE_SIGN_STYLE = Automatic;
				CURRENT_PROJECT_VERSION = 1;
				DEVELOPMENT_TEAM = F94S465KR5;
				GENERATE_INFOPLIST_FILE = YES;
				MARKETING_VERSION = 1.0;
				PRODUCT_BUNDLE_IDENTIFIER = "gooddeed.gooddeedswatch-Watch-AppTests";
				PRODUCT_NAME = "$(TARGET_NAME)";
				SDKROOT = watchos;
				SWIFT_EMIT_LOC_STRINGS = NO;
				SWIFT_VERSION = 5.0;
				TARGETED_DEVICE_FAMILY = 4;
				TEST_HOST = "$(BUILT_PRODUCTS_DIR)/gooddeedswatch Watch App.app/$(BUNDLE_EXECUTABLE_FOLDER_PATH)/gooddeedswatch Watch App";
				WATCHOS_DEPLOYMENT_TARGET = 11.4;
			};
			name = Release;
		};
		3EA8B1A52E0F274E005308F3 /* Debug */ = {
			isa = XCBuildConfiguration;
			buildSettings = {
				CODE_SIGN_STYLE = Automatic;
				CURRENT_PROJECT_VERSION = 1;
				DEVELOPMENT_TEAM = F94S465KR5;
				GENERATE_INFOPLIST_FILE = YES;
				MARKETING_VERSION = 1.0;
				PRODUCT_BUNDLE_IDENTIFIER = "gooddeed.gooddeedswatch-Watch-AppUITests";
				PRODUCT_NAME = "$(TARGET_NAME)";
				SDKROOT = watchos;
				SWIFT_EMIT_LOC_STRINGS = NO;
				SWIFT_VERSION = 5.0;
				TARGETED_DEVICE_FAMILY = 4;
				TEST_TARGET_NAME = "gooddeedswatch Watch App";
				WATCHOS_DEPLOYMENT_TARGET = 11.4;
			};
			name = Debug;
		};
		3EA8B1A62E0F274E005308F3 /* Release */ = {
			isa = XCBuildConfiguration;
			buildSettings = {
				CODE_SIGN_STYLE = Automatic;
				CURRENT_PROJECT_VERSION = 1;
				DEVELOPMENT_TEAM = F94S465KR5;
				GENERATE_INFOPLIST_FILE = YES;
				MARKETING_VERSION = 1.0;
				PRODUCT_BUNDLE_IDENTIFIER = "gooddeed.gooddeedswatch-Watch-AppUITests";
				PRODUCT_NAME = "$(TARGET_NAME)";
				SDKROOT = watchos;
				SWIFT_EMIT_LOC_STRINGS = NO;
				SWIFT_VERSION = 5.0;
				TARGETED_DEVICE_FAMILY = 4;
				TEST_TARGET_NAME = "gooddeedswatch Watch App";
				WATCHOS_DEPLOYMENT_TARGET = 11.4;
			};
			name = Release;
		};
		3EAF38902DE26246003A8DED /* Debug */ = {
			isa = XCBuildConfiguration;
			buildSettings = {
				ALWAYS_SEARCH_USER_PATHS = NO;
				ASSETCATALOG_COMPILER_GENERATE_SWIFT_ASSET_SYMBOL_EXTENSIONS = YES;
				CLANG_ANALYZER_NONNULL = YES;
				CLANG_ANALYZER_NUMBER_OBJECT_CONVERSION = YES_AGGRESSIVE;
				CLANG_CXX_LANGUAGE_STANDARD = "gnu++20";
				CLANG_ENABLE_MODULES = YES;
				CLANG_ENABLE_OBJC_ARC = YES;
				CLANG_ENABLE_OBJC_WEAK = YES;
				CLANG_WARN_BLOCK_CAPTURE_AUTORELEASING = YES;
				CLANG_WARN_BOOL_CONVERSION = YES;
				CLANG_WARN_COMMA = YES;
				CLANG_WARN_CONSTANT_CONVERSION = YES;
				CLANG_WARN_DEPRECATED_OBJC_IMPLEMENTATIONS = YES;
				CLANG_WARN_DIRECT_OBJC_ISA_USAGE = YES_ERROR;
				CLANG_WARN_DOCUMENTATION_COMMENTS = YES;
				CLANG_WARN_EMPTY_BODY = YES;
				CLANG_WARN_ENUM_CONVERSION = YES;
				CLANG_WARN_INFINITE_RECURSION = YES;
				CLANG_WARN_INT_CONVERSION = YES;
				CLANG_WARN_NON_LITERAL_NULL_CONVERSION = YES;
				CLANG_WARN_OBJC_IMPLICIT_RETAIN_SELF = YES;
				CLANG_WARN_OBJC_LITERAL_CONVERSION = YES;
				CLANG_WARN_OBJC_ROOT_CLASS = YES_ERROR;
				CLANG_WARN_QUOTED_INCLUDE_IN_FRAMEWORK_HEADER = YES;
				CLANG_WARN_RANGE_LOOP_ANALYSIS = YES;
				CLANG_WARN_STRICT_PROTOTYPES = YES;
				CLANG_WARN_SUSPICIOUS_MOVE = YES;
				CLANG_WARN_UNGUARDED_AVAILABILITY = YES_AGGRESSIVE;
				CLANG_WARN_UNREACHABLE_CODE = YES;
				CLANG_WARN__DUPLICATE_METHOD_MATCH = YES;
				COPY_PHASE_STRIP = NO;
				DEBUG_INFORMATION_FORMAT = dwarf;
				ENABLE_STRICT_OBJC_MSGSEND = YES;
				ENABLE_TESTABILITY = YES;
				ENABLE_USER_SCRIPT_SANDBOXING = YES;
				GCC_C_LANGUAGE_STANDARD = gnu17;
				GCC_DYNAMIC_NO_PIC = NO;
				GCC_NO_COMMON_BLOCKS = YES;
				GCC_OPTIMIZATION_LEVEL = 0;
				GCC_PREPROCESSOR_DEFINITIONS = (
					"DEBUG=1",
					"$(inherited)",
				);
				GCC_WARN_64_TO_32_BIT_CONVERSION = YES;
				GCC_WARN_ABOUT_RETURN_TYPE = YES_ERROR;
				GCC_WARN_UNDECLARED_SELECTOR = YES;
				GCC_WARN_UNINITIALIZED_AUTOS = YES_AGGRESSIVE;
				GCC_WARN_UNUSED_FUNCTION = YES;
				GCC_WARN_UNUSED_VARIABLE = YES;
				IPHONEOS_DEPLOYMENT_TARGET = 18.4;
				LOCALIZATION_PREFERS_STRING_CATALOGS = YES;
				MTL_ENABLE_DEBUG_INFO = INCLUDE_SOURCE;
				MTL_FAST_MATH = YES;
				ONLY_ACTIVE_ARCH = YES;
				SDKROOT = iphoneos;
				SWIFT_ACTIVE_COMPILATION_CONDITIONS = "DEBUG $(inherited)";
				SWIFT_OPTIMIZATION_LEVEL = "-Onone";
			};
			name = Debug;
		};
		3EAF38912DE26246003A8DED /* Release */ = {
			isa = XCBuildConfiguration;
			buildSettings = {
				ALWAYS_SEARCH_USER_PATHS = NO;
				ASSETCATALOG_COMPILER_GENERATE_SWIFT_ASSET_SYMBOL_EXTENSIONS = YES;
				CLANG_ANALYZER_NONNULL = YES;
				CLANG_ANALYZER_NUMBER_OBJECT_CONVERSION = YES_AGGRESSIVE;
				CLANG_CXX_LANGUAGE_STANDARD = "gnu++20";
				CLANG_ENABLE_MODULES = YES;
				CLANG_ENABLE_OBJC_ARC = YES;
				CLANG_ENABLE_OBJC_WEAK = YES;
				CLANG_WARN_BLOCK_CAPTURE_AUTORELEASING = YES;
				CLANG_WARN_BOOL_CONVERSION = YES;
				CLANG_WARN_COMMA = YES;
				CLANG_WARN_CONSTANT_CONVERSION = YES;
				CLANG_WARN_DEPRECATED_OBJC_IMPLEMENTATIONS = YES;
				CLANG_WARN_DIRECT_OBJC_ISA_USAGE = YES_ERROR;
				CLANG_WARN_DOCUMENTATION_COMMENTS = YES;
				CLANG_WARN_EMPTY_BODY = YES;
				CLANG_WARN_ENUM_CONVERSION = YES;
				CLANG_WARN_INFINITE_RECURSION = YES;
				CLANG_WARN_INT_CONVERSION = YES;
				CLANG_WARN_NON_LITERAL_NULL_CONVERSION = YES;
				CLANG_WARN_OBJC_IMPLICIT_RETAIN_SELF = YES;
				CLANG_WARN_OBJC_LITERAL_CONVERSION = YES;
				CLANG_WARN_OBJC_ROOT_CLASS = YES_ERROR;
				CLANG_WARN_QUOTED_INCLUDE_IN_FRAMEWORK_HEADER = YES;
				CLANG_WARN_RANGE_LOOP_ANALYSIS = YES;
				CLANG_WARN_STRICT_PROTOTYPES = YES;
				CLANG_WARN_SUSPICIOUS_MOVE = YES;
				CLANG_WARN_UNGUARDED_AVAILABILITY = YES_AGGRESSIVE;
				CLANG_WARN_UNREACHABLE_CODE = YES;
				CLANG_WARN__DUPLICATE_METHOD_MATCH = YES;
				COPY_PHASE_STRIP = NO;
				DEBUG_INFORMATION_FORMAT = "dwarf-with-dsym";
				ENABLE_NS_ASSERTIONS = NO;
				ENABLE_STRICT_OBJC_MSGSEND = YES;
				ENABLE_USER_SCRIPT_SANDBOXING = YES;
				GCC_C_LANGUAGE_STANDARD = gnu17;
				GCC_NO_COMMON_BLOCKS = YES;
				GCC_WARN_64_TO_32_BIT_CONVERSION = YES;
				GCC_WARN_ABOUT_RETURN_TYPE = YES_ERROR;
				GCC_WARN_UNDECLARED_SELECTOR = YES;
				GCC_WARN_UNINITIALIZED_AUTOS = YES_AGGRESSIVE;
				GCC_WARN_UNUSED_FUNCTION = YES;
				GCC_WARN_UNUSED_VARIABLE = YES;
				IPHONEOS_DEPLOYMENT_TARGET = 18.4;
				LOCALIZATION_PREFERS_STRING_CATALOGS = YES;
				MTL_ENABLE_DEBUG_INFO = NO;
				MTL_FAST_MATH = YES;
				SDKROOT = iphoneos;
				SWIFT_COMPILATION_MODE = wholemodule;
				VALIDATE_PRODUCT = YES;
			};
			name = Release;
		};
		3EAF38932DE26246003A8DED /* Debug */ = {
			isa = XCBuildConfiguration;
			buildSettings = {
				ASSETCATALOG_COMPILER_APPICON_NAME = AppIcon;
				ASSETCATALOG_COMPILER_GLOBAL_ACCENT_COLOR_NAME = AccentColor;
				CODE_SIGN_IDENTITY = "Apple Development";
				CODE_SIGN_STYLE = Automatic;
				CURRENT_PROJECT_VERSION = 1;
				DEVELOPMENT_TEAM = F94S465KR5;
				ENABLE_PREVIEWS = YES;
				GENERATE_INFOPLIST_FILE = YES;
				INFOPLIST_FILE = gooddeed/Info.plist;
				INFOPLIST_KEY_CFBundleDisplayName = GoodDeeds;
				INFOPLIST_KEY_UIApplicationSceneManifest_Generation = YES;
				INFOPLIST_KEY_UIApplicationSupportsIndirectInputEvents = YES;
				INFOPLIST_KEY_UILaunchScreen_Generation = YES;
				INFOPLIST_KEY_UILaunchStoryboardName = LaunchScreen;
				INFOPLIST_KEY_UISupportedInterfaceOrientations_iPad = "UIInterfaceOrientationPortrait UIInterfaceOrientationPortraitUpsideDown UIInterfaceOrientationLandscapeLeft UIInterfaceOrientationLandscapeRight";
				INFOPLIST_KEY_UISupportedInterfaceOrientations_iPhone = "UIInterfaceOrientationPortrait UIInterfaceOrientationLandscapeLeft UIInterfaceOrientationLandscapeRight";
				IPHONEOS_DEPLOYMENT_TARGET = 15.0;
				LD_RUNPATH_SEARCH_PATHS = (
					"$(inherited)",
					"@executable_path/Frameworks",
				);
				MARKETING_VERSION = 1.0;
				PRODUCT_BUNDLE_IDENTIFIER = com.gooddeed.gooddeedsapp;
				PRODUCT_NAME = "$(TARGET_NAME)";
				PROVISIONING_PROFILE_SPECIFIER = "";
				SWIFT_EMIT_LOC_STRINGS = YES;
				SWIFT_VERSION = 5.0;
				TARGETED_DEVICE_FAMILY = "1,2";
			};
			name = Debug;
		};
		3EAF38942DE26246003A8DED /* Release */ = {
			isa = XCBuildConfiguration;
			buildSettings = {
				ASSETCATALOG_COMPILER_APPICON_NAME = AppIcon;
				ASSETCATALOG_COMPILER_GLOBAL_ACCENT_COLOR_NAME = AccentColor;
				CODE_SIGN_IDENTITY = "Apple Development";
				CODE_SIGN_STYLE = Automatic;
				CURRENT_PROJECT_VERSION = 1;
				DEVELOPMENT_TEAM = F94S465KR5;
				ENABLE_PREVIEWS = YES;
				GENERATE_INFOPLIST_FILE = YES;
				INFOPLIST_FILE = gooddeed/Info.plist;
				INFOPLIST_KEY_CFBundleDisplayName = GoodDeeds;
				INFOPLIST_KEY_UIApplicationSceneManifest_Generation = YES;
				INFOPLIST_KEY_UIApplicationSupportsIndirectInputEvents = YES;
				INFOPLIST_KEY_UILaunchScreen_Generation = YES;
				INFOPLIST_KEY_UILaunchStoryboardName = LaunchScreen;
				INFOPLIST_KEY_UISupportedInterfaceOrientations_iPad = "UIInterfaceOrientationPortrait UIInterfaceOrientationPortraitUpsideDown UIInterfaceOrientationLandscapeLeft UIInterfaceOrientationLandscapeRight";
				INFOPLIST_KEY_UISupportedInterfaceOrientations_iPhone = "UIInterfaceOrientationPortrait UIInterfaceOrientationLandscapeLeft UIInterfaceOrientationLandscapeRight";
				IPHONEOS_DEPLOYMENT_TARGET = 15.0;
				LD_RUNPATH_SEARCH_PATHS = (
					"$(inherited)",
					"@executable_path/Frameworks",
				);
				MARKETING_VERSION = 1.0;
				PRODUCT_BUNDLE_IDENTIFIER = com.gooddeed.gooddeedsapp;
				PRODUCT_NAME = "$(TARGET_NAME)";
				PROVISIONING_PROFILE_SPECIFIER = "";
				SWIFT_EMIT_LOC_STRINGS = YES;
				SWIFT_VERSION = 5.0;
				TARGETED_DEVICE_FAMILY = "1,2";
			};
			name = Release;
		};
		3EBC42B22E0EEC7600C6A23F /* Debug */ = {
			isa = XCBuildConfiguration;
			buildSettings = {
				BUNDLE_LOADER = "$(TEST_HOST)";
				CODE_SIGN_STYLE = Automatic;
				CURRENT_PROJECT_VERSION = 1;
				GENERATE_INFOPLIST_FILE = YES;
				MARKETING_VERSION = 1.0;
				PRODUCT_BUNDLE_IDENTIFIER = gooddeed.GoodDeedTests;
				PRODUCT_NAME = "$(TARGET_NAME)";
				SWIFT_EMIT_LOC_STRINGS = NO;
				SWIFT_VERSION = 5.0;
				TARGETED_DEVICE_FAMILY = "1,2";
				TEST_HOST = "$(BUILT_PRODUCTS_DIR)/gooddeed.app/$(BUNDLE_EXECUTABLE_FOLDER_PATH)/gooddeed";
			};
			name = Debug;
		};
		3EBC42B32E0EEC7600C6A23F /* Release */ = {
			isa = XCBuildConfiguration;
			buildSettings = {
				BUNDLE_LOADER = "$(TEST_HOST)";
				CODE_SIGN_STYLE = Automatic;
				CURRENT_PROJECT_VERSION = 1;
				GENERATE_INFOPLIST_FILE = YES;
				MARKETING_VERSION = 1.0;
				PRODUCT_BUNDLE_IDENTIFIER = gooddeed.GoodDeedTests;
				PRODUCT_NAME = "$(TARGET_NAME)";
				SWIFT_EMIT_LOC_STRINGS = NO;
				SWIFT_VERSION = 5.0;
				TARGETED_DEVICE_FAMILY = "1,2";
				TEST_HOST = "$(BUILT_PRODUCTS_DIR)/gooddeed.app/$(BUNDLE_EXECUTABLE_FOLDER_PATH)/gooddeed";
			};
			name = Release;
		};
/* End XCBuildConfiguration section */

/* Begin XCConfigurationList section */
		3EA8B1A72E0F274E005308F3 /* Build configuration list for PBXNativeTarget "gooddeedswatch Watch App" */ = {
			isa = XCConfigurationList;
			buildConfigurations = (
				3EA8B1A12E0F274E005308F3 /* Debug */,
				3EA8B1A22E0F274E005308F3 /* Release */,
			);
			defaultConfigurationIsVisible = 0;
			defaultConfigurationName = Release;
		};
		3EA8B1A82E0F274E005308F3 /* Build configuration list for PBXNativeTarget "gooddeedswatch Watch AppTests" */ = {
			isa = XCConfigurationList;
			buildConfigurations = (
				3EA8B1A32E0F274E005308F3 /* Debug */,
				3EA8B1A42E0F274E005308F3 /* Release */,
			);
			defaultConfigurationIsVisible = 0;
			defaultConfigurationName = Release;
		};
		3EA8B1A92E0F274E005308F3 /* Build configuration list for PBXNativeTarget "gooddeedswatch Watch AppUITests" */ = {
			isa = XCConfigurationList;
			buildConfigurations = (
				3EA8B1A52E0F274E005308F3 /* Debug */,
				3EA8B1A62E0F274E005308F3 /* Release */,
			);
			defaultConfigurationIsVisible = 0;
			defaultConfigurationName = Release;
		};
		3EAF38822DE26243003A8DED /* Build configuration list for PBXProject "gooddeed" */ = {
			isa = XCConfigurationList;
			buildConfigurations = (
				3EAF38902DE26246003A8DED /* Debug */,
				3EAF38912DE26246003A8DED /* Release */,
			);
			defaultConfigurationIsVisible = 0;
			defaultConfigurationName = Release;
		};
		3EAF38922DE26246003A8DED /* Build configuration list for PBXNativeTarget "gooddeed" */ = {
			isa = XCConfigurationList;
			buildConfigurations = (
				3EAF38932DE26246003A8DED /* Debug */,
				3EAF38942DE26246003A8DED /* Release */,
			);
			defaultConfigurationIsVisible = 0;
			defaultConfigurationName = Release;
		};
		3EBC42B12E0EEC7600C6A23F /* Build configuration list for PBXNativeTarget "GoodDeedTests" */ = {
			isa = XCConfigurationList;
			buildConfigurations = (
				3EBC42B22E0EEC7600C6A23F /* Debug */,
				3EBC42B32E0EEC7600C6A23F /* Release */,
			);
			defaultConfigurationIsVisible = 0;
			defaultConfigurationName = Release;
		};
/* End XCConfigurationList section */

/* Begin XCRemoteSwiftPackageReference section */
		3EBC42BB2E0EF92800C6A23F /* XCRemoteSwiftPackageReference "firebase-ios-sdk" */ = {
			isa = XCRemoteSwiftPackageReference;
			repositoryURL = "https://github.com/firebase/firebase-ios-sdk";
			requirement = {
				kind = upToNextMajorVersion;
				minimumVersion = 11.15.0;
			};
		};
/* End XCRemoteSwiftPackageReference section */

/* Begin XCSwiftPackageProductDependency section */
		3EBC42BC2E0EF92800C6A23F /* FirebaseAI */ = {
			isa = XCSwiftPackageProductDependency;
			package = 3EBC42BB2E0EF92800C6A23F /* XCRemoteSwiftPackageReference "firebase-ios-sdk" */;
			productName = FirebaseAI;
		};
		3EBC42BE2E0EF92800C6A23F /* FirebaseAnalyticsWithoutAdIdSupport */ = {
			isa = XCSwiftPackageProductDependency;
			package = 3EBC42BB2E0EF92800C6A23F /* XCRemoteSwiftPackageReference "firebase-ios-sdk" */;
			productName = FirebaseAnalyticsWithoutAdIdSupport;
		};
/* End XCSwiftPackageProductDependency section */
	};
	rootObject = 3EAF387F2DE26243003A8DED /* Project object */;
}
